PODS:
  - FMDB (2.5):
    - FMDB/standard (= 2.5)
  - FMDB/common (2.5)
  - FMDB/standard (2.5):
    - FMDB/common
  - TBXML (1.5)

DEPENDENCIES:
  - FMDB
  - TBXML

SPEC CHECKSUMS:
  FMDB: 0efa188cf0dd1ce82c27a478cd5f5fa245308677
  TBXML: a279440030ba55c40e1455cafba3b0a44e1963d4

COCOAPODS: 0.35.0
