// !$*UTF8*$!
{
	archiveVersion = 1;
	classes = {
	};
	objectVersion = 46;
	objects = {

/* Begin PBXBuildFile section */
		325397551A7F36F20097DBA1 /* BBSTabBarController.m in Sources */ = {isa = PBXBuildFile; fileRef = 325397541A7F36F20097DBA1 /* BBSTabBarController.m */; };
		325397581A7F374B0097DBA1 /* BBSSideMenuViewController.m in Sources */ = {isa = PBXBuildFile; fileRef = 325397571A7F374B0097DBA1 /* BBSSideMenuViewController.m */; };
		3253975B1A7F399E0097DBA1 /* UIColor+BBSColor.m in Sources */ = {isa = PBXBuildFile; fileRef = 3253975A1A7F399E0097DBA1 /* UIColor+BBSColor.m */; };
		3253975F1A7F3D450097DBA1 /* BBSSideMenuCell.m in Sources */ = {isa = PBXBuildFile; fileRef = 3253975E1A7F3D450097DBA1 /* BBSSideMenuCell.m */; };
		325BC3F01A79EE2500A11911 /* main.m in Sources */ = {isa = PBXBuildFile; fileRef = 325BC3EF1A79EE2500A11911 /* main.m */; };
		325BC3F31A79EE2500A11911 /* AppDelegate.m in Sources */ = {isa = PBXBuildFile; fileRef = 325BC3F21A79EE2500A11911 /* AppDelegate.m */; };
		325BC3F61A79EE2500A11911 /* FirstViewController.m in Sources */ = {isa = PBXBuildFile; fileRef = 325BC3F51A79EE2500A11911 /* FirstViewController.m */; };
		325BC3FC1A79EE2500A11911 /* Main.storyboard in Resources */ = {isa = PBXBuildFile; fileRef = 325BC3FA1A79EE2500A11911 /* Main.storyboard */; };
		325BC3FE1A79EE2500A11911 /* Images.xcassets in Resources */ = {isa = PBXBuildFile; fileRef = 325BC3FD1A79EE2500A11911 /* Images.xcassets */; };
		325BC4011A79EE2500A11911 /* LaunchScreen.xib in Resources */ = {isa = PBXBuildFile; fileRef = 325BC3FF1A79EE2500A11911 /* LaunchScreen.xib */; };
		325BC40D1A79EE2600A11911 /* BarbarysStoreTests.m in Sources */ = {isa = PBXBuildFile; fileRef = 325BC40C1A79EE2600A11911 /* BarbarysStoreTests.m */; };
		325BC41C1A79EEE300A11911 /* XLNParser.m in Sources */ = {isa = PBXBuildFile; fileRef = 325BC41B1A79EEE300A11911 /* XLNParser.m */; };
		325BC4231A7A000900A11911 /* XLNDatabaseManager.m in Sources */ = {isa = PBXBuildFile; fileRef = 325BC4221A7A000900A11911 /* XLNDatabaseManager.m */; };
		325BC4261A7A002200A11911 /* BBSCategory.m in Sources */ = {isa = PBXBuildFile; fileRef = 325BC4251A7A002200A11911 /* BBSCategory.m */; };
		325BC4291A7A003000A11911 /* BBSOffer.m in Sources */ = {isa = PBXBuildFile; fileRef = 325BC4281A7A003000A11911 /* BBSOffer.m */; };
		325BC42D1A7A005D00A11911 /* BBSOfferManager.m in Sources */ = {isa = PBXBuildFile; fileRef = 325BC42C1A7A005D00A11911 /* BBSOfferManager.m */; };
		325BC42F1A7A1B6300A11911 /* libsqlite3.0.dylib in Frameworks */ = {isa = PBXBuildFile; fileRef = 325BC42E1A7A1B6300A11911 /* libsqlite3.0.dylib */; };
		4CF9F9E67C90CF4E39E524F4 /* libPods-BarbarysStore.a in Frameworks */ = {isa = PBXBuildFile; fileRef = A45193B6BA36523A95818600 /* libPods-BarbarysStore.a */; };
/* End PBXBuildFile section */

/* Begin PBXContainerItemProxy section */
		325BC4071A79EE2600A11911 /* PBXContainerItemProxy */ = {
			isa = PBXContainerItemProxy;
			containerPortal = 325BC3E21A79EE2500A11911 /* Project object */;
			proxyType = 1;
			remoteGlobalIDString = 325BC3E91A79EE2500A11911;
			remoteInfo = BarbarysStore;
		};
/* End PBXContainerItemProxy section */

/* Begin PBXFileReference section */
		2DD3F6D3FA7045A957AFC3DD /* Pods-BarbarysStore.debug.xcconfig */ = {isa = PBXFileReference; includeInIndex = 1; lastKnownFileType = text.xcconfig; name = "Pods-BarbarysStore.debug.xcconfig"; path = "Pods/Target Support Files/Pods-BarbarysStore/Pods-BarbarysStore.debug.xcconfig"; sourceTree = "<group>"; };
		325397531A7F36F20097DBA1 /* BBSTabBarController.h */ = {isa = PBXFileReference; fileEncoding = 4; lastKnownFileType = sourcecode.c.h; path = BBSTabBarController.h; sourceTree = "<group>"; };
		325397541A7F36F20097DBA1 /* BBSTabBarController.m */ = {isa = PBXFileReference; fileEncoding = 4; lastKnownFileType = sourcecode.c.objc; path = BBSTabBarController.m; sourceTree = "<group>"; };
		325397561A7F374B0097DBA1 /* BBSSideMenuViewController.h */ = {isa = PBXFileReference; fileEncoding = 4; lastKnownFileType = sourcecode.c.h; path = BBSSideMenuViewController.h; sourceTree = "<group>"; };
		325397571A7F374B0097DBA1 /* BBSSideMenuViewController.m */ = {isa = PBXFileReference; fileEncoding = 4; lastKnownFileType = sourcecode.c.objc; path = BBSSideMenuViewController.m; sourceTree = "<group>"; };
		325397591A7F399E0097DBA1 /* UIColor+BBSColor.h */ = {isa = PBXFileReference; fileEncoding = 4; lastKnownFileType = sourcecode.c.h; path = "UIColor+BBSColor.h"; sourceTree = "<group>"; };
		3253975A1A7F399E0097DBA1 /* UIColor+BBSColor.m */ = {isa = PBXFileReference; fileEncoding = 4; lastKnownFileType = sourcecode.c.objc; path = "UIColor+BBSColor.m"; sourceTree = "<group>"; };
		3253975D1A7F3D450097DBA1 /* BBSSideMenuCell.h */ = {isa = PBXFileReference; fileEncoding = 4; lastKnownFileType = sourcecode.c.h; path = BBSSideMenuCell.h; sourceTree = "<group>"; };
		3253975E1A7F3D450097DBA1 /* BBSSideMenuCell.m */ = {isa = PBXFileReference; fileEncoding = 4; lastKnownFileType = sourcecode.c.objc; path = BBSSideMenuCell.m; sourceTree = "<group>"; };
		325BC3EA1A79EE2500A11911 /* BarbarysStore.app */ = {isa = PBXFileReference; explicitFileType = wrapper.application; includeInIndex = 0; path = BarbarysStore.app; sourceTree = BUILT_PRODUCTS_DIR; };
		325BC3EE1A79EE2500A11911 /* Info.plist */ = {isa = PBXFileReference; lastKnownFileType = text.plist.xml; path = Info.plist; sourceTree = "<group>"; };
		325BC3EF1A79EE2500A11911 /* main.m */ = {isa = PBXFileReference; lastKnownFileType = sourcecode.c.objc; path = main.m; sourceTree = "<group>"; };
		325BC3F11A79EE2500A11911 /* AppDelegate.h */ = {isa = PBXFileReference; lastKnownFileType = sourcecode.c.h; path = AppDelegate.h; sourceTree = "<group>"; };
		325BC3F21A79EE2500A11911 /* AppDelegate.m */ = {isa = PBXFileReference; lastKnownFileType = sourcecode.c.objc; path = AppDelegate.m; sourceTree = "<group>"; };
		325BC3F41A79EE2500A11911 /* FirstViewController.h */ = {isa = PBXFileReference; lastKnownFileType = sourcecode.c.h; path = FirstViewController.h; sourceTree = "<group>"; };
		325BC3F51A79EE2500A11911 /* FirstViewController.m */ = {isa = PBXFileReference; lastKnownFileType = sourcecode.c.objc; path = FirstViewController.m; sourceTree = "<group>"; };
		325BC3FB1A79EE2500A11911 /* Base */ = {isa = PBXFileReference; lastKnownFileType = file.storyboard; name = Base; path = Base.lproj/Main.storyboard; sourceTree = "<group>"; };
		325BC3FD1A79EE2500A11911 /* Images.xcassets */ = {isa = PBXFileReference; lastKnownFileType = folder.assetcatalog; path = Images.xcassets; sourceTree = "<group>"; };
		325BC4001A79EE2500A11911 /* Base */ = {isa = PBXFileReference; lastKnownFileType = file.xib; name = Base; path = Base.lproj/LaunchScreen.xib; sourceTree = "<group>"; };
		325BC4061A79EE2600A11911 /* BarbarysStoreTests.xctest */ = {isa = PBXFileReference; explicitFileType = wrapper.cfbundle; includeInIndex = 0; path = BarbarysStoreTests.xctest; sourceTree = BUILT_PRODUCTS_DIR; };
		325BC40B1A79EE2600A11911 /* Info.plist */ = {isa = PBXFileReference; lastKnownFileType = text.plist.xml; path = Info.plist; sourceTree = "<group>"; };
		325BC40C1A79EE2600A11911 /* BarbarysStoreTests.m */ = {isa = PBXFileReference; lastKnownFileType = sourcecode.c.objc; path = BarbarysStoreTests.m; sourceTree = "<group>"; };
		325BC41A1A79EEE300A11911 /* XLNParser.h */ = {isa = PBXFileReference; fileEncoding = 4; lastKnownFileType = sourcecode.c.h; path = XLNParser.h; sourceTree = "<group>"; };
		325BC41B1A79EEE300A11911 /* XLNParser.m */ = {isa = PBXFileReference; fileEncoding = 4; lastKnownFileType = sourcecode.c.objc; path = XLNParser.m; sourceTree = "<group>"; };
		325BC41D1A79F44900A11911 /* XLNConstants.h */ = {isa = PBXFileReference; lastKnownFileType = sourcecode.c.h; path = XLNConstants.h; sourceTree = "<group>"; };
		325BC41E1A79F48C00A11911 /* PrefixHeader.pch */ = {isa = PBXFileReference; lastKnownFileType = sourcecode.c.h; path = PrefixHeader.pch; sourceTree = "<group>"; };
		325BC41F1A79FFF000A11911 /* libsqlite3.dylib */ = {isa = PBXFileReference; lastKnownFileType = "compiled.mach-o.dylib"; name = libsqlite3.dylib; path = usr/lib/libsqlite3.dylib; sourceTree = SDKROOT; };
		325BC4211A7A000900A11911 /* XLNDatabaseManager.h */ = {isa = PBXFileReference; fileEncoding = 4; lastKnownFileType = sourcecode.c.h; path = XLNDatabaseManager.h; sourceTree = "<group>"; };
		325BC4221A7A000900A11911 /* XLNDatabaseManager.m */ = {isa = PBXFileReference; fileEncoding = 4; lastKnownFileType = sourcecode.c.objc; path = XLNDatabaseManager.m; sourceTree = "<group>"; };
		325BC4241A7A002200A11911 /* BBSCategory.h */ = {isa = PBXFileReference; fileEncoding = 4; lastKnownFileType = sourcecode.c.h; path = BBSCategory.h; sourceTree = "<group>"; };
		325BC4251A7A002200A11911 /* BBSCategory.m */ = {isa = PBXFileReference; fileEncoding = 4; lastKnownFileType = sourcecode.c.objc; path = BBSCategory.m; sourceTree = "<group>"; };
		325BC4271A7A003000A11911 /* BBSOffer.h */ = {isa = PBXFileReference; fileEncoding = 4; lastKnownFileType = sourcecode.c.h; path = BBSOffer.h; sourceTree = "<group>"; };
		325BC4281A7A003000A11911 /* BBSOffer.m */ = {isa = PBXFileReference; fileEncoding = 4; lastKnownFileType = sourcecode.c.objc; path = BBSOffer.m; sourceTree = "<group>"; };
		325BC42B1A7A005D00A11911 /* BBSOfferManager.h */ = {isa = PBXFileReference; fileEncoding = 4; lastKnownFileType = sourcecode.c.h; path = BBSOfferManager.h; sourceTree = "<group>"; };
		325BC42C1A7A005D00A11911 /* BBSOfferManager.m */ = {isa = PBXFileReference; fileEncoding = 4; lastKnownFileType = sourcecode.c.objc; path = BBSOfferManager.m; sourceTree = "<group>"; };
		325BC42E1A7A1B6300A11911 /* libsqlite3.0.dylib */ = {isa = PBXFileReference; lastKnownFileType = "compiled.mach-o.dylib"; name = libsqlite3.0.dylib; path = usr/lib/libsqlite3.0.dylib; sourceTree = SDKROOT; };
		6F331C20FC8B361382FFFA04 /* Pods-BarbarysStore.release.xcconfig */ = {isa = PBXFileReference; includeInIndex = 1; lastKnownFileType = text.xcconfig; name = "Pods-BarbarysStore.release.xcconfig"; path = "Pods/Target Support Files/Pods-BarbarysStore/Pods-BarbarysStore.release.xcconfig"; sourceTree = "<group>"; };
		A45193B6BA36523A95818600 /* libPods-BarbarysStore.a */ = {isa = PBXFileReference; explicitFileType = archive.ar; includeInIndex = 0; path = "libPods-BarbarysStore.a"; sourceTree = BUILT_PRODUCTS_DIR; };
/* End PBXFileReference section */

/* Begin PBXFrameworksBuildPhase section */
		325BC3E71A79EE2500A11911 /* Frameworks */ = {
			isa = PBXFrameworksBuildPhase;
			buildActionMask = 2147483647;
			files = (
				325BC42F1A7A1B6300A11911 /* libsqlite3.0.dylib in Frameworks */,
				4CF9F9E67C90CF4E39E524F4 /* libPods-BarbarysStore.a in Frameworks */,
			);
			runOnlyForDeploymentPostprocessing = 0;
		};
		325BC4031A79EE2600A11911 /* Frameworks */ = {
			isa = PBXFrameworksBuildPhase;
			buildActionMask = 2147483647;
			files = (
			);
			runOnlyForDeploymentPostprocessing = 0;
		};
/* End PBXFrameworksBuildPhase section */

/* Begin PBXGroup section */
		2E7DD6D565F2862C767B805A /* Frameworks */ = {
			isa = PBXGroup;
			children = (
				325BC42E1A7A1B6300A11911 /* libsqlite3.0.dylib */,
				325BC41F1A79FFF000A11911 /* libsqlite3.dylib */,
				A45193B6BA36523A95818600 /* libPods-BarbarysStore.a */,
			);
			name = Frameworks;
			sourceTree = "<group>";
		};
		3253975C1A7F3D310097DBA1 /* Views */ = {
			isa = PBXGroup;
			children = (
				3253975D1A7F3D450097DBA1 /* BBSSideMenuCell.h */,
				3253975E1A7F3D450097DBA1 /* BBSSideMenuCell.m */,
			);
			path = Views;
			sourceTree = "<group>";
		};
		325BC3E11A79EE2500A11911 = {
			isa = PBXGroup;
			children = (
				325BC3EC1A79EE2500A11911 /* BarbarysStore */,
				325BC4091A79EE2600A11911 /* BarbarysStoreTests */,
				325BC3EB1A79EE2500A11911 /* Products */,
				72F2EBEEFA4BC1613ABAAD7B /* Pods */,
				2E7DD6D565F2862C767B805A /* Frameworks */,
			);
			sourceTree = "<group>";
		};
		325BC3EB1A79EE2500A11911 /* Products */ = {
			isa = PBXGroup;
			children = (
				325BC3EA1A79EE2500A11911 /* BarbarysStore.app */,
				325BC4061A79EE2600A11911 /* BarbarysStoreTests.xctest */,
			);
			name = Products;
			sourceTree = "<group>";
		};
		325BC3EC1A79EE2500A11911 /* BarbarysStore */ = {
			isa = PBXGroup;
			children = (
				325BC42A1A7A004900A11911 /* Managers */,
				325BC4171A79EECA00A11911 /* Classes */,
				325BC4181A79EECA00A11911 /* Models */,
				3253975C1A7F3D310097DBA1 /* Views */,
				325BC4191A79EECA00A11911 /* ViewControllers */,
				325BC3F11A79EE2500A11911 /* AppDelegate.h */,
				325BC3F21A79EE2500A11911 /* AppDelegate.m */,
				325BC3F41A79EE2500A11911 /* FirstViewController.h */,
				325BC3F51A79EE2500A11911 /* FirstViewController.m */,
				325BC3FA1A79EE2500A11911 /* Main.storyboard */,
				325BC3FD1A79EE2500A11911 /* Images.xcassets */,
				325BC3FF1A79EE2500A11911 /* LaunchScreen.xib */,
				325BC3ED1A79EE2500A11911 /* Supporting Files */,
			);
			path = BarbarysStore;
			sourceTree = "<group>";
		};
		325BC3ED1A79EE2500A11911 /* Supporting Files */ = {
			isa = PBXGroup;
			children = (
				325BC3EE1A79EE2500A11911 /* Info.plist */,
				325BC3EF1A79EE2500A11911 /* main.m */,
				325BC41E1A79F48C00A11911 /* PrefixHeader.pch */,
			);
			name = "Supporting Files";
			sourceTree = "<group>";
		};
		325BC4091A79EE2600A11911 /* BarbarysStoreTests */ = {
			isa = PBXGroup;
			children = (
				325BC40C1A79EE2600A11911 /* BarbarysStoreTests.m */,
				325BC40A1A79EE2600A11911 /* Supporting Files */,
			);
			path = BarbarysStoreTests;
			sourceTree = "<group>";
		};
		325BC40A1A79EE2600A11911 /* Supporting Files */ = {
			isa = PBXGroup;
			children = (
				325BC40B1A79EE2600A11911 /* Info.plist */,
			);
			name = "Supporting Files";
			sourceTree = "<group>";
		};
		325BC4171A79EECA00A11911 /* Classes */ = {
			isa = PBXGroup;
			children = (
				325BC41D1A79F44900A11911 /* XLNConstants.h */,
				325BC41A1A79EEE300A11911 /* XLNParser.h */,
				325BC41B1A79EEE300A11911 /* XLNParser.m */,
				325BC4211A7A000900A11911 /* XLNDatabaseManager.h */,
				325BC4221A7A000900A11911 /* XLNDatabaseManager.m */,
				325397531A7F36F20097DBA1 /* BBSTabBarController.h */,
				325397541A7F36F20097DBA1 /* BBSTabBarController.m */,
				325397591A7F399E0097DBA1 /* UIColor+BBSColor.h */,
				3253975A1A7F399E0097DBA1 /* UIColor+BBSColor.m */,
			);
			path = Classes;
			sourceTree = "<group>";
		};
		325BC4181A79EECA00A11911 /* Models */ = {
			isa = PBXGroup;
			children = (
				325BC4241A7A002200A11911 /* BBSCategory.h */,
				325BC4251A7A002200A11911 /* BBSCategory.m */,
				325BC4271A7A003000A11911 /* BBSOffer.h */,
				325BC4281A7A003000A11911 /* BBSOffer.m */,
			);
			path = Models;
			sourceTree = "<group>";
		};
		325BC4191A79EECA00A11911 /* ViewControllers */ = {
			isa = PBXGroup;
			children = (
				325397561A7F374B0097DBA1 /* BBSSideMenuViewController.h */,
				325397571A7F374B0097DBA1 /* BBSSideMenuViewController.m */,
			);
			path = ViewControllers;
			sourceTree = "<group>";
		};
		325BC42A1A7A004900A11911 /* Managers */ = {
			isa = PBXGroup;
			children = (
				325BC42B1A7A005D00A11911 /* BBSOfferManager.h */,
				325BC42C1A7A005D00A11911 /* BBSOfferManager.m */,
			);
			name = Managers;
			path = Helpers;
			sourceTree = "<group>";
		};
		72F2EBEEFA4BC1613ABAAD7B /* Pods */ = {
			isa = PBXGroup;
			children = (
				2DD3F6D3FA7045A957AFC3DD /* Pods-BarbarysStore.debug.xcconfig */,
				6F331C20FC8B361382FFFA04 /* Pods-BarbarysStore.release.xcconfig */,
			);
			name = Pods;
			sourceTree = "<group>";
		};
/* End PBXGroup section */

/* Begin PBXNativeTarget section */
		325BC3E91A79EE2500A11911 /* BarbarysStore */ = {
			isa = PBXNativeTarget;
			buildConfigurationList = 325BC4101A79EE2600A11911 /* Build configuration list for PBXNativeTarget "BarbarysStore" */;
			buildPhases = (
				294560793835C16FBBCBF097 /* Check Pods Manifest.lock */,
				325BC3E61A79EE2500A11911 /* Sources */,
				325BC3E71A79EE2500A11911 /* Frameworks */,
				325BC3E81A79EE2500A11911 /* Resources */,
				A4E92659E1E4F55E2347B908 /* Copy Pods Resources */,
			);
			buildRules = (
			);
			dependencies = (
			);
			name = BarbarysStore;
			productName = BarbarysStore;
			productReference = 325BC3EA1A79EE2500A11911 /* BarbarysStore.app */;
			productType = "com.apple.product-type.application";
		};
		325BC4051A79EE2600A11911 /* BarbarysStoreTests */ = {
			isa = PBXNativeTarget;
			buildConfigurationList = 325BC4131A79EE2600A11911 /* Build configuration list for PBXNativeTarget "BarbarysStoreTests" */;
			buildPhases = (
				325BC4021A79EE2600A11911 /* Sources */,
				325BC4031A79EE2600A11911 /* Frameworks */,
				325BC4041A79EE2600A11911 /* Resources */,
			);
			buildRules = (
			);
			dependencies = (
				325BC4081A79EE2600A11911 /* PBXTargetDependency */,
			);
			name = BarbarysStoreTests;
			productName = BarbarysStoreTests;
			productReference = 325BC4061A79EE2600A11911 /* BarbarysStoreTests.xctest */;
			productType = "com.apple.product-type.bundle.unit-test";
		};
/* End PBXNativeTarget section */

/* Begin PBXProject section */
		325BC3E21A79EE2500A11911 /* Project object */ = {
			isa = PBXProject;
			attributes = {
				LastUpgradeCheck = 0610;
				ORGANIZATIONNAME = Xelentec;
				TargetAttributes = {
					325BC3E91A79EE2500A11911 = {
						CreatedOnToolsVersion = 6.1.1;
					};
					325BC4051A79EE2600A11911 = {
						CreatedOnToolsVersion = 6.1.1;
						TestTargetID = 325BC3E91A79EE2500A11911;
					};
				};
			};
			buildConfigurationList = 325BC3E51A79EE2500A11911 /* Build configuration list for PBXProject "BarbarysStore" */;
			compatibilityVersion = "Xcode 3.2";
			developmentRegion = English;
			hasScannedForEncodings = 0;
			knownRegions = (
				en,
				Base,
			);
			mainGroup = 325BC3E11A79EE2500A11911;
			productRefGroup = 325BC3EB1A79EE2500A11911 /* Products */;
			projectDirPath = "";
			projectRoot = "";
			targets = (
				325BC3E91A79EE2500A11911 /* BarbarysStore */,
				325BC4051A79EE2600A11911 /* BarbarysStoreTests */,
			);
		};
/* End PBXProject section */

/* Begin PBXResourcesBuildPhase section */
		325BC3E81A79EE2500A11911 /* Resources */ = {
			isa = PBXResourcesBuildPhase;
			buildActionMask = 2147483647;
			files = (
				325BC3FC1A79EE2500A11911 /* Main.storyboard in Resources */,
				325BC4011A79EE2500A11911 /* LaunchScreen.xib in Resources */,
				325BC3FE1A79EE2500A11911 /* Images.xcassets in Resources */,
			);
			runOnlyForDeploymentPostprocessing = 0;
		};
		325BC4041A79EE2600A11911 /* Resources */ = {
			isa = PBXResourcesBuildPhase;
			buildActionMask = 2147483647;
			files = (
			);
			runOnlyForDeploymentPostprocessing = 0;
		};
/* End PBXResourcesBuildPhase section */

/* Begin PBXShellScriptBuildPhase section */
		294560793835C16FBBCBF097 /* Check Pods Manifest.lock */ = {
			isa = PBXShellScriptBuildPhase;
			buildActionMask = 2147483647;
			files = (
			);
			inputPaths = (
			);
			name = "Check Pods Manifest.lock";
			outputPaths = (
			);
			runOnlyForDeploymentPostprocessing = 0;
			shellPath = /bin/sh;
			shellScript = "diff \"${PODS_ROOT}/../Podfile.lock\" \"${PODS_ROOT}/Manifest.lock\" > /dev/null\nif [[ $? != 0 ]] ; then\n    cat << EOM\nerror: The sandbox is not in sync with the Podfile.lock. Run 'pod install' or update your CocoaPods installation.\nEOM\n    exit 1\nfi\n";
			showEnvVarsInLog = 0;
		};
		A4E92659E1E4F55E2347B908 /* Copy Pods Resources */ = {
			isa = PBXShellScriptBuildPhase;
			buildActionMask = 2147483647;
			files = (
			);
			inputPaths = (
			);
			name = "Copy Pods Resources";
			outputPaths = (
			);
			runOnlyForDeploymentPostprocessing = 0;
			shellPath = /bin/sh;
			shellScript = "\"${SRCROOT}/Pods/Target Support Files/Pods-BarbarysStore/Pods-BarbarysStore-resources.sh\"\n";
			showEnvVarsInLog = 0;
		};
/* End PBXShellScriptBuildPhase section */

/* Begin PBXSourcesBuildPhase section */
		325BC3E61A79EE2500A11911 /* Sources */ = {
			isa = PBXSourcesBuildPhase;
			buildActionMask = 2147483647;
			files = (
				325397551A7F36F20097DBA1 /* BBSTabBarController.m in Sources */,
				3253975F1A7F3D450097DBA1 /* BBSSideMenuCell.m in Sources */,
				325BC41C1A79EEE300A11911 /* XLNParser.m in Sources */,
				325397581A7F374B0097DBA1 /* BBSSideMenuViewController.m in Sources */,
				325BC4261A7A002200A11911 /* BBSCategory.m in Sources */,
				325BC4231A7A000900A11911 /* XLNDatabaseManager.m in Sources */,
				325BC3F31A79EE2500A11911 /* AppDelegate.m in Sources */,
				325BC3F61A79EE2500A11911 /* FirstViewController.m in Sources */,
				325BC3F01A79EE2500A11911 /* main.m in Sources */,
				3253975B1A7F399E0097DBA1 /* UIColor+BBSColor.m in Sources */,
				325BC42D1A7A005D00A11911 /* BBSOfferManager.m in Sources */,
				325BC4291A7A003000A11911 /* BBSOffer.m in Sources */,
			);
			runOnlyForDeploymentPostprocessing = 0;
		};
		325BC4021A79EE2600A11911 /* Sources */ = {
			isa = PBXSourcesBuildPhase;
			buildActionMask = 2147483647;
			files = (
				325BC40D1A79EE2600A11911 /* BarbarysStoreTests.m in Sources */,
			);
			runOnlyForDeploymentPostprocessing = 0;
		};
/* End PBXSourcesBuildPhase section */

/* Begin PBXTargetDependency section */
		325BC4081A79EE2600A11911 /* PBXTargetDependency */ = {
			isa = PBXTargetDependency;
			target = 325BC3E91A79EE2500A11911 /* BarbarysStore */;
			targetProxy = 325BC4071A79EE2600A11911 /* PBXContainerItemProxy */;
		};
/* End PBXTargetDependency section */

/* Begin PBXVariantGroup section */
		325BC3FA1A79EE2500A11911 /* Main.storyboard */ = {
			isa = PBXVariantGroup;
			children = (
				325BC3FB1A79EE2500A11911 /* Base */,
			);
			name = Main.storyboard;
			sourceTree = "<group>";
		};
		325BC3FF1A79EE2500A11911 /* LaunchScreen.xib */ = {
			isa = PBXVariantGroup;
			children = (
				325BC4001A79EE2500A11911 /* Base */,
			);
			name = LaunchScreen.xib;
			sourceTree = "<group>";
		};
/* End PBXVariantGroup section */

/* Begin XCBuildConfiguration section */
		325BC40E1A79EE2600A11911 /* Debug */ = {
			isa = XCBuildConfiguration;
			buildSettings = {
				ALWAYS_SEARCH_USER_PATHS = NO;
				CLANG_CXX_LANGUAGE_STANDARD = "gnu++0x";
				CLANG_CXX_LIBRARY = "libc++";
				CLANG_ENABLE_MODULES = YES;
				CLANG_ENABLE_OBJC_ARC = YES;
				CLANG_WARN_BOOL_CONVERSION = YES;
				CLANG_WARN_CONSTANT_CONVERSION = YES;
				CLANG_WARN_DIRECT_OBJC_ISA_USAGE = YES_ERROR;
				CLANG_WARN_EMPTY_BODY = YES;
				CLANG_WARN_ENUM_CONVERSION = YES;
				CLANG_WARN_INT_CONVERSION = YES;
				CLANG_WARN_OBJC_ROOT_CLASS = YES_ERROR;
				CLANG_WARN_UNREACHABLE_CODE = YES;
				CLANG_WARN__DUPLICATE_METHOD_MATCH = YES;
				"CODE_SIGN_IDENTITY[sdk=iphoneos*]" = "iPhone Developer";
				COPY_PHASE_STRIP = NO;
				ENABLE_STRICT_OBJC_MSGSEND = YES;
				GCC_C_LANGUAGE_STANDARD = gnu99;
				GCC_DYNAMIC_NO_PIC = NO;
				GCC_OPTIMIZATION_LEVEL = 0;
				GCC_PREPROCESSOR_DEFINITIONS = (
					"DEBUG=1",
					"$(inherited)",
				);
				GCC_SYMBOLS_PRIVATE_EXTERN = NO;
				GCC_WARN_64_TO_32_BIT_CONVERSION = YES;
				GCC_WARN_ABOUT_RETURN_TYPE = YES_ERROR;
				GCC_WARN_UNDECLARED_SELECTOR = YES;
				GCC_WARN_UNINITIALIZED_AUTOS = YES_AGGRESSIVE;
				GCC_WARN_UNUSED_FUNCTION = YES;
				GCC_WARN_UNUSED_VARIABLE = YES;
				IPHONEOS_DEPLOYMENT_TARGET = 8.1;
				MTL_ENABLE_DEBUG_INFO = YES;
				ONLY_ACTIVE_ARCH = YES;
				SDKROOT = iphoneos;
			};
			name = Debug;
		};
		325BC40F1A79EE2600A11911 /* Release */ = {
			isa = XCBuildConfiguration;
			buildSettings = {
				ALWAYS_SEARCH_USER_PATHS = NO;
				CLANG_CXX_LANGUAGE_STANDARD = "gnu++0x";
				CLANG_CXX_LIBRARY = "libc++";
				CLANG_ENABLE_MODULES = YES;
				CLANG_ENABLE_OBJC_ARC = YES;
				CLANG_WARN_BOOL_CONVERSION = YES;
				CLANG_WARN_CONSTANT_CONVERSION = YES;
				CLANG_WARN_DIRECT_OBJC_ISA_USAGE = YES_ERROR;
				CLANG_WARN_EMPTY_BODY = YES;
				CLANG_WARN_ENUM_CONVERSION = YES;
				CLANG_WARN_INT_CONVERSION = YES;
				CLANG_WARN_OBJC_ROOT_CLASS = YES_ERROR;
				CLANG_WARN_UNREACHABLE_CODE = YES;
				CLANG_WARN__DUPLICATE_METHOD_MATCH = YES;
				"CODE_SIGN_IDENTITY[sdk=iphoneos*]" = "iPhone Developer";
				COPY_PHASE_STRIP = YES;
				ENABLE_NS_ASSERTIONS = NO;
				ENABLE_STRICT_OBJC_MSGSEND = YES;
				GCC_C_LANGUAGE_STANDARD = gnu99;
				GCC_WARN_64_TO_32_BIT_CONVERSION = YES;
				GCC_WARN_ABOUT_RETURN_TYPE = YES_ERROR;
				GCC_WARN_UNDECLARED_SELECTOR = YES;
				GCC_WARN_UNINITIALIZED_AUTOS = YES_AGGRESSIVE;
				GCC_WARN_UNUSED_FUNCTION = YES;
				GCC_WARN_UNUSED_VARIABLE = YES;
				IPHONEOS_DEPLOYMENT_TARGET = 8.1;
				MTL_ENABLE_DEBUG_INFO = NO;
				SDKROOT = iphoneos;
				VALIDATE_PRODUCT = YES;
			};
			name = Release;
		};
		325BC4111A79EE2600A11911 /* Debug */ = {
			isa = XCBuildConfiguration;
			baseConfigurationReference = 2DD3F6D3FA7045A957AFC3DD /* Pods-BarbarysStore.debug.xcconfig */;
			buildSettings = {
				ASSETCATALOG_COMPILER_APPICON_NAME = AppIcon;
				CODE_SIGN_IDENTITY = "iPhone Developer: Pavlo Karatai (Z7249QY6P5)";
				GCC_PRECOMPILE_PREFIX_HEADER = YES;
				GCC_PREFIX_HEADER = BarbarysStore/PrefixHeader.pch;
				INFOPLIST_FILE = BarbarysStore/Info.plist;
				IPHONEOS_DEPLOYMENT_TARGET = 7.0;
				LD_RUNPATH_SEARCH_PATHS = "$(inherited) @executable_path/Frameworks";
				PRODUCT_NAME = "$(TARGET_NAME)";
				PROVISIONING_PROFILE = "d31737c0-0859-4917-b2e2-1d8b15f95118";
				TARGETED_DEVICE_FAMILY = 1;
			};
			name = Debug;
		};
		325BC4121A79EE2600A11911 /* Release */ = {
			isa = XCBuildConfiguration;
			baseConfigurationReference = 6F331C20FC8B361382FFFA04 /* Pods-BarbarysStore.release.xcconfig */;
			buildSettings = {
				ASSETCATALOG_COMPILER_APPICON_NAME = AppIcon;
				GCC_PRECOMPILE_PREFIX_HEADER = YES;
				GCC_PREFIX_HEADER = BarbarysStore/PrefixHeader.pch;
				INFOPLIST_FILE = BarbarysStore/Info.plist;
				IPHONEOS_DEPLOYMENT_TARGET = 7.0;
				LD_RUNPATH_SEARCH_PATHS = "$(inherited) @executable_path/Frameworks";
				PRODUCT_NAME = "$(TARGET_NAME)";
				PROVISIONING_PROFILE = "d31737c0-0859-4917-b2e2-1d8b15f95118";
				TARGETED_DEVICE_FAMILY = 1;
			};
			name = Release;
		};
		325BC4141A79EE2600A11911 /* Debug */ = {
			isa = XCBuildConfiguration;
			buildSettings = {
				BUNDLE_LOADER = "$(TEST_HOST)";
				FRAMEWORK_SEARCH_PATHS = (
					"$(SDKROOT)/Developer/Library/Frameworks",
					"$(inherited)",
				);
				GCC_PREPROCESSOR_DEFINITIONS = (
					"DEBUG=1",
					"$(inherited)",
				);
				INFOPLIST_FILE = BarbarysStoreTests/Info.plist;
				LD_RUNPATH_SEARCH_PATHS = "$(inherited) @executable_path/Frameworks @loader_path/Frameworks";
				PRODUCT_NAME = "$(TARGET_NAME)";
				TEST_HOST = "$(BUILT_PRODUCTS_DIR)/BarbarysStore.app/BarbarysStore";
			};
			name = Debug;
		};
		325BC4151A79EE2600A11911 /* Release */ = {
			isa = XCBuildConfiguration;
			buildSettings = {
				BUNDLE_LOADER = "$(TEST_HOST)";
				FRAMEWORK_SEARCH_PATHS = (
					"$(SDKROOT)/Developer/Library/Frameworks",
					"$(inherited)",
				);
				INFOPLIST_FILE = BarbarysStoreTests/Info.plist;
				LD_RUNPATH_SEARCH_PATHS = "$(inherited) @executable_path/Frameworks @loader_path/Frameworks";
				PRODUCT_NAME = "$(TARGET_NAME)";
				TEST_HOST = "$(BUILT_PRODUCTS_DIR)/BarbarysStore.app/BarbarysStore";
			};
			name = Release;
		};
/* End XCBuildConfiguration section */

/* Begin XCConfigurationList section */
		325BC3E51A79EE2500A11911 /* Build configuration list for PBXProject "BarbarysStore" */ = {
			isa = XCConfigurationList;
			buildConfigurations = (
				325BC40E1A79EE2600A11911 /* Debug */,
				325BC40F1A79EE2600A11911 /* Release */,
			);
			defaultConfigurationIsVisible = 0;
			defaultConfigurationName = Release;
		};
		325BC4101A79EE2600A11911 /* Build configuration list for PBXNativeTarget "BarbarysStore" */ = {
			isa = XCConfigurationList;
			buildConfigurations = (
				325BC4111A79EE2600A11911 /* Debug */,
				325BC4121A79EE2600A11911 /* Release */,
			);
			defaultConfigurationIsVisible = 0;
			defaultConfigurationName = Release;
		};
		325BC4131A79EE2600A11911 /* Build configuration list for PBXNativeTarget "BarbarysStoreTests" */ = {
			isa = XCConfigurationList;
			buildConfigurations = (
				325BC4141A79EE2600A11911 /* Debug */,
				325BC4151A79EE2600A11911 /* Release */,
			);
			defaultConfigurationIsVisible = 0;
			defaultConfigurationName = Release;
		};
/* End XCConfigurationList section */
	};
	rootObject = 325BC3E21A79EE2500A11911 /* Project object */;
}
