// !$*UTF8*$!
{
	archiveVersion = 1;
	classes = {
	};
	objectVersion = 46;
	objects = {

/* Begin PBXBuildFile section */
		324516D61A9D8BE6009D1EFC /* UIFont+BBSFont.m in Sources */ = {isa = PBXBuildFile; fileRef = 324516D51A9D8BE6009D1EFC /* UIFont+BBSFont.m */; };
		324516D91A9DAACD009D1EFC /* BBSAPIRequest.m in Sources */ = {isa = PBXBuildFile; fileRef = 324516D81A9DAACD009D1EFC /* BBSAPIRequest.m */; };
		324641111A96ED7A001B1D7E /* BBSOfferCollectionCellType1.xib in Resources */ = {isa = PBXBuildFile; fileRef = 324641101A96ED7A001B1D7E /* BBSOfferCollectionCellType1.xib */; };
		324641141A96EDBF001B1D7E /* BBSFavoritesViewController.m in Sources */ = {isa = PBXBuildFile; fileRef = 324641131A96EDBF001B1D7E /* BBSFavoritesViewController.m */; };
		324641171A96FC49001B1D7E /* BBSCartOffer.m in Sources */ = {isa = PBXBuildFile; fileRef = 324641161A96FC49001B1D7E /* BBSCartOffer.m */; };
		3246411A1A970FBA001B1D7E /* BBSShoppingCartCell.m in Sources */ = {isa = PBXBuildFile; fileRef = 324641191A970FBA001B1D7E /* BBSShoppingCartCell.m */; };
		3246411F1A979676001B1D7E /* db.sqlite in Resources */ = {isa = PBXBuildFile; fileRef = 3246411E1A979676001B1D7E /* db.sqlite */; };
		324790BE1A9336480052BD16 /* BBSPhotoPagingViewController.m in Sources */ = {isa = PBXBuildFile; fileRef = 324790BD1A9336480052BD16 /* BBSPhotoPagingViewController.m */; };
		324790C21A93511C0052BD16 /* BBSPhotoContentViewController.m in Sources */ = {isa = PBXBuildFile; fileRef = 324790C11A93511C0052BD16 /* BBSPhotoContentViewController.m */; };
		324DE0CD1A8B18A20098ECCD /* BBSOfferDetailTopCell.xib in Resources */ = {isa = PBXBuildFile; fileRef = 324DE0CC1A8B18A20098ECCD /* BBSOfferDetailTopCell.xib */; };
		324DE0D11A8B25580098ECCD /* BBSOfferDetailSizeColorCell.m in Sources */ = {isa = PBXBuildFile; fileRef = 324DE0CF1A8B25580098ECCD /* BBSOfferDetailSizeColorCell.m */; };
		324DE0D21A8B25580098ECCD /* BBSOfferDetailSizeColorCell.xib in Resources */ = {isa = PBXBuildFile; fileRef = 324DE0D01A8B25580098ECCD /* BBSOfferDetailSizeColorCell.xib */; };
		324DE0D61A8B35BE0098ECCD /* BBSOfferDetailSizeItemCell.m in Sources */ = {isa = PBXBuildFile; fileRef = 324DE0D41A8B35BE0098ECCD /* BBSOfferDetailSizeItemCell.m */; };
		324DE0D71A8B35BE0098ECCD /* BBSOfferDetailSizeItemCell.xib in Resources */ = {isa = PBXBuildFile; fileRef = 324DE0D51A8B35BE0098ECCD /* BBSOfferDetailSizeItemCell.xib */; };
		3253891E1A8DCE9800DC5E36 /* BBSSideMenuHeaderView.m in Sources */ = {isa = PBXBuildFile; fileRef = 3253891D1A8DCE9800DC5E36 /* BBSSideMenuHeaderView.m */; };
		325389201A8DCEB100DC5E36 /* BBSSideMenuHeaderView.xib in Resources */ = {isa = PBXBuildFile; fileRef = 3253891F1A8DCEB100DC5E36 /* BBSSideMenuHeaderView.xib */; };
		325397551A7F36F20097DBA1 /* BBSTabBarController.m in Sources */ = {isa = PBXBuildFile; fileRef = 325397541A7F36F20097DBA1 /* BBSTabBarController.m */; };
		325397581A7F374B0097DBA1 /* BBSSideMenuViewController.m in Sources */ = {isa = PBXBuildFile; fileRef = 325397571A7F374B0097DBA1 /* BBSSideMenuViewController.m */; };
		3253975B1A7F399E0097DBA1 /* UIColor+BBSColor.m in Sources */ = {isa = PBXBuildFile; fileRef = 3253975A1A7F399E0097DBA1 /* UIColor+BBSColor.m */; };
		3253975F1A7F3D450097DBA1 /* BBSSideMenuCell.m in Sources */ = {isa = PBXBuildFile; fileRef = 3253975E1A7F3D450097DBA1 /* BBSSideMenuCell.m */; };
		325397681A7F480C0097DBA1 /* BBSOffersCollectionController.m in Sources */ = {isa = PBXBuildFile; fileRef = 325397671A7F480C0097DBA1 /* BBSOffersCollectionController.m */; };
		3253976B1A7F96A30097DBA1 /* BBSOfferCollectionViewCell.m in Sources */ = {isa = PBXBuildFile; fileRef = 3253976A1A7F96A30097DBA1 /* BBSOfferCollectionViewCell.m */; };
		3253F4CC1A8C68CC00005BDE /* BBSOfferDetailHeaderView.m in Sources */ = {isa = PBXBuildFile; fileRef = 3253F4CB1A8C68CC00005BDE /* BBSOfferDetailHeaderView.m */; };
		3253F4CE1A8C6CF000005BDE /* BBSOfferDetailHeaderView.xib in Resources */ = {isa = PBXBuildFile; fileRef = 3253F4CD1A8C6CF000005BDE /* BBSOfferDetailHeaderView.xib */; };
		3253F4D11A8C6E1300005BDE /* BBSAbstractButton.m in Sources */ = {isa = PBXBuildFile; fileRef = 3253F4D01A8C6E1300005BDE /* BBSAbstractButton.m */; };
		3253F4D41A8CC5B300005BDE /* Localizable.strings in Resources */ = {isa = PBXBuildFile; fileRef = 3253F4D31A8CC5B300005BDE /* Localizable.strings */; };
		3253F4D71A8CD14A00005BDE /* BBSCategorySet.m in Sources */ = {isa = PBXBuildFile; fileRef = 3253F4D61A8CD14A00005BDE /* BBSCategorySet.m */; };
		325668FD1A89C58100A166E3 /* BBSCategoriesManager.m in Sources */ = {isa = PBXBuildFile; fileRef = 325668FC1A89C58100A166E3 /* BBSCategoriesManager.m */; };
		325669001A89C67F00A166E3 /* categories.plist in Resources */ = {isa = PBXBuildFile; fileRef = 325668FF1A89C67F00A166E3 /* categories.plist */; };
		325669031A89FDE600A166E3 /* BBSOfferDetailViewController.m in Sources */ = {isa = PBXBuildFile; fileRef = 325669021A89FDE600A166E3 /* BBSOfferDetailViewController.m */; };
		325669061A8A211500A166E3 /* BBSOfferDetailTopCell.m in Sources */ = {isa = PBXBuildFile; fileRef = 325669051A8A211500A166E3 /* BBSOfferDetailTopCell.m */; };
		3257E22D1A886B920094C5F9 /* XLNPreferencesService.m in Sources */ = {isa = PBXBuildFile; fileRef = 3257E22C1A886B920094C5F9 /* XLNPreferencesService.m */; };
		3257E2311A88764B0094C5F9 /* XLNLocalNotifications.m in Sources */ = {isa = PBXBuildFile; fileRef = 3257E2301A88764B0094C5F9 /* XLNLocalNotifications.m */; };
		3257E2341A887C7B0094C5F9 /* BBSNavigationBar.m in Sources */ = {isa = PBXBuildFile; fileRef = 3257E2331A887C7B0094C5F9 /* BBSNavigationBar.m */; };
		3257E2371A889F4D0094C5F9 /* UIImage+Alpha.m in Sources */ = {isa = PBXBuildFile; fileRef = 3257E2361A889F4D0094C5F9 /* UIImage+Alpha.m */; };
		3257E23E1A88CBBA0094C5F9 /* BBSShoppingCartViewController.m in Sources */ = {isa = PBXBuildFile; fileRef = 3257E23D1A88CBBA0094C5F9 /* BBSShoppingCartViewController.m */; };
		3257E2411A88CBC50094C5F9 /* BBSProfileViewController.m in Sources */ = {isa = PBXBuildFile; fileRef = 3257E2401A88CBC50094C5F9 /* BBSProfileViewController.m */; };
		3257E2441A88CBD80094C5F9 /* BBSHomeViewController.m in Sources */ = {isa = PBXBuildFile; fileRef = 3257E2431A88CBD80094C5F9 /* BBSHomeViewController.m */; };
		3257E2471A88DCFB0094C5F9 /* BBSSearchViewController.m in Sources */ = {isa = PBXBuildFile; fileRef = 3257E2461A88DCFB0094C5F9 /* BBSSearchViewController.m */; };
		3258BDFD1A80DE1A00EF7992 /* BBSOfferCollectionCellType2.xib in Resources */ = {isa = PBXBuildFile; fileRef = 3258BDFC1A80DE1A00EF7992 /* BBSOfferCollectionCellType2.xib */; };
		325AA8E31A920818009C1A72 /* XLNCommonMethods.m in Sources */ = {isa = PBXBuildFile; fileRef = 325AA8E21A920818009C1A72 /* XLNCommonMethods.m */; };
		325BC3F01A79EE2500A11911 /* main.m in Sources */ = {isa = PBXBuildFile; fileRef = 325BC3EF1A79EE2500A11911 /* main.m */; };
		325BC3F31A79EE2500A11911 /* AppDelegate.m in Sources */ = {isa = PBXBuildFile; fileRef = 325BC3F21A79EE2500A11911 /* AppDelegate.m */; };
		325BC3FC1A79EE2500A11911 /* Main.storyboard in Resources */ = {isa = PBXBuildFile; fileRef = 325BC3FA1A79EE2500A11911 /* Main.storyboard */; };
		325BC3FE1A79EE2500A11911 /* Images.xcassets in Resources */ = {isa = PBXBuildFile; fileRef = 325BC3FD1A79EE2500A11911 /* Images.xcassets */; };
		325BC4011A79EE2500A11911 /* LaunchScreen.xib in Resources */ = {isa = PBXBuildFile; fileRef = 325BC3FF1A79EE2500A11911 /* LaunchScreen.xib */; };
		325BC40D1A79EE2600A11911 /* BarbarysStoreTests.m in Sources */ = {isa = PBXBuildFile; fileRef = 325BC40C1A79EE2600A11911 /* BarbarysStoreTests.m */; };
		325BC41C1A79EEE300A11911 /* XLNParser.m in Sources */ = {isa = PBXBuildFile; fileRef = 325BC41B1A79EEE300A11911 /* XLNParser.m */; };
		325BC4231A7A000900A11911 /* XLNDatabaseManager.m in Sources */ = {isa = PBXBuildFile; fileRef = 325BC4221A7A000900A11911 /* XLNDatabaseManager.m */; };
		325BC4261A7A002200A11911 /* BBSCategory.m in Sources */ = {isa = PBXBuildFile; fileRef = 325BC4251A7A002200A11911 /* BBSCategory.m */; };
		325BC4291A7A003000A11911 /* BBSOffer.m in Sources */ = {isa = PBXBuildFile; fileRef = 325BC4281A7A003000A11911 /* BBSOffer.m */; };
		325BC42D1A7A005D00A11911 /* BBSOfferManager.m in Sources */ = {isa = PBXBuildFile; fileRef = 325BC42C1A7A005D00A11911 /* BBSOfferManager.m */; };
		325BC42F1A7A1B6300A11911 /* libsqlite3.0.dylib in Frameworks */ = {isa = PBXBuildFile; fileRef = 325BC42E1A7A1B6300A11911 /* libsqlite3.0.dylib */; };
		4CF9F9E67C90CF4E39E524F4 /* libPods-BarbarysStore.a in Frameworks */ = {isa = PBXBuildFile; fileRef = A45193B6BA36523A95818600 /* libPods-BarbarysStore.a */; };
		844BE4FF1AA3A67E0033EF12 /* BBSDiscountDetailsViewController.m in Sources */ = {isa = PBXBuildFile; fileRef = 844BE4FE1AA3A67E0033EF12 /* BBSDiscountDetailsViewController.m */; };
		844BE5021AA3AB9B0033EF12 /* BBSProfileEditViewController.m in Sources */ = {isa = PBXBuildFile; fileRef = 844BE5011AA3AB9B0033EF12 /* BBSProfileEditViewController.m */; };
		84578B561A9F0982007BE782 /* BBSDiscountViewController.m in Sources */ = {isa = PBXBuildFile; fileRef = 84578B551A9F0982007BE782 /* BBSDiscountViewController.m */; };
/* End PBXBuildFile section */

/* Begin PBXContainerItemProxy section */
		325BC4071A79EE2600A11911 /* PBXContainerItemProxy */ = {
			isa = PBXContainerItemProxy;
			containerPortal = 325BC3E21A79EE2500A11911 /* Project object */;
			proxyType = 1;
			remoteGlobalIDString = 325BC3E91A79EE2500A11911;
			remoteInfo = BarbarysStore;
		};
/* End PBXContainerItemProxy section */

/* Begin PBXFileReference section */
		2DD3F6D3FA7045A957AFC3DD /* Pods-BarbarysStore.debug.xcconfig */ = {isa = PBXFileReference; includeInIndex = 1; lastKnownFileType = text.xcconfig; name = "Pods-BarbarysStore.debug.xcconfig"; path = "Pods/Target Support Files/Pods-BarbarysStore/Pods-BarbarysStore.debug.xcconfig"; sourceTree = "<group>"; };
		324516D41A9D8BE6009D1EFC /* UIFont+BBSFont.h */ = {isa = PBXFileReference; fileEncoding = 4; lastKnownFileType = sourcecode.c.h; path = "UIFont+BBSFont.h"; sourceTree = "<group>"; };
		324516D51A9D8BE6009D1EFC /* UIFont+BBSFont.m */ = {isa = PBXFileReference; fileEncoding = 4; lastKnownFileType = sourcecode.c.objc; path = "UIFont+BBSFont.m"; sourceTree = "<group>"; };
		324516D71A9DAACD009D1EFC /* BBSAPIRequest.h */ = {isa = PBXFileReference; fileEncoding = 4; lastKnownFileType = sourcecode.c.h; path = BBSAPIRequest.h; sourceTree = "<group>"; };
		324516D81A9DAACD009D1EFC /* BBSAPIRequest.m */ = {isa = PBXFileReference; fileEncoding = 4; lastKnownFileType = sourcecode.c.objc; path = BBSAPIRequest.m; sourceTree = "<group>"; };
		324641101A96ED7A001B1D7E /* BBSOfferCollectionCellType1.xib */ = {isa = PBXFileReference; fileEncoding = 4; lastKnownFileType = file.xib; path = BBSOfferCollectionCellType1.xib; sourceTree = "<group>"; };
		324641121A96EDBF001B1D7E /* BBSFavoritesViewController.h */ = {isa = PBXFileReference; fileEncoding = 4; lastKnownFileType = sourcecode.c.h; path = BBSFavoritesViewController.h; sourceTree = "<group>"; };
		324641131A96EDBF001B1D7E /* BBSFavoritesViewController.m */ = {isa = PBXFileReference; fileEncoding = 4; lastKnownFileType = sourcecode.c.objc; path = BBSFavoritesViewController.m; sourceTree = "<group>"; };
		324641151A96FC49001B1D7E /* BBSCartOffer.h */ = {isa = PBXFileReference; fileEncoding = 4; lastKnownFileType = sourcecode.c.h; path = BBSCartOffer.h; sourceTree = "<group>"; };
		324641161A96FC49001B1D7E /* BBSCartOffer.m */ = {isa = PBXFileReference; fileEncoding = 4; lastKnownFileType = sourcecode.c.objc; path = BBSCartOffer.m; sourceTree = "<group>"; };
		324641181A970FBA001B1D7E /* BBSShoppingCartCell.h */ = {isa = PBXFileReference; fileEncoding = 4; lastKnownFileType = sourcecode.c.h; path = BBSShoppingCartCell.h; sourceTree = "<group>"; };
		324641191A970FBA001B1D7E /* BBSShoppingCartCell.m */ = {isa = PBXFileReference; fileEncoding = 4; lastKnownFileType = sourcecode.c.objc; path = BBSShoppingCartCell.m; sourceTree = "<group>"; };
		3246411E1A979676001B1D7E /* db.sqlite */ = {isa = PBXFileReference; lastKnownFileType = file; path = db.sqlite; sourceTree = "<group>"; };
		324790BC1A9336480052BD16 /* BBSPhotoPagingViewController.h */ = {isa = PBXFileReference; fileEncoding = 4; lastKnownFileType = sourcecode.c.h; path = BBSPhotoPagingViewController.h; sourceTree = "<group>"; };
		324790BD1A9336480052BD16 /* BBSPhotoPagingViewController.m */ = {isa = PBXFileReference; fileEncoding = 4; lastKnownFileType = sourcecode.c.objc; path = BBSPhotoPagingViewController.m; sourceTree = "<group>"; };
		324790C01A93511C0052BD16 /* BBSPhotoContentViewController.h */ = {isa = PBXFileReference; fileEncoding = 4; lastKnownFileType = sourcecode.c.h; path = BBSPhotoContentViewController.h; sourceTree = "<group>"; };
		324790C11A93511C0052BD16 /* BBSPhotoContentViewController.m */ = {isa = PBXFileReference; fileEncoding = 4; lastKnownFileType = sourcecode.c.objc; path = BBSPhotoContentViewController.m; sourceTree = "<group>"; };
		324DE0CC1A8B18A20098ECCD /* BBSOfferDetailTopCell.xib */ = {isa = PBXFileReference; fileEncoding = 4; lastKnownFileType = file.xib; path = BBSOfferDetailTopCell.xib; sourceTree = "<group>"; };
		324DE0CE1A8B25580098ECCD /* BBSOfferDetailSizeColorCell.h */ = {isa = PBXFileReference; fileEncoding = 4; lastKnownFileType = sourcecode.c.h; path = BBSOfferDetailSizeColorCell.h; sourceTree = "<group>"; };
		324DE0CF1A8B25580098ECCD /* BBSOfferDetailSizeColorCell.m */ = {isa = PBXFileReference; fileEncoding = 4; lastKnownFileType = sourcecode.c.objc; path = BBSOfferDetailSizeColorCell.m; sourceTree = "<group>"; };
		324DE0D01A8B25580098ECCD /* BBSOfferDetailSizeColorCell.xib */ = {isa = PBXFileReference; fileEncoding = 4; lastKnownFileType = file.xib; path = BBSOfferDetailSizeColorCell.xib; sourceTree = "<group>"; };
		324DE0D31A8B35BE0098ECCD /* BBSOfferDetailSizeItemCell.h */ = {isa = PBXFileReference; fileEncoding = 4; lastKnownFileType = sourcecode.c.h; path = BBSOfferDetailSizeItemCell.h; sourceTree = "<group>"; };
		324DE0D41A8B35BE0098ECCD /* BBSOfferDetailSizeItemCell.m */ = {isa = PBXFileReference; fileEncoding = 4; lastKnownFileType = sourcecode.c.objc; path = BBSOfferDetailSizeItemCell.m; sourceTree = "<group>"; };
		324DE0D51A8B35BE0098ECCD /* BBSOfferDetailSizeItemCell.xib */ = {isa = PBXFileReference; fileEncoding = 4; lastKnownFileType = file.xib; path = BBSOfferDetailSizeItemCell.xib; sourceTree = "<group>"; };
		3253891C1A8DCE9800DC5E36 /* BBSSideMenuHeaderView.h */ = {isa = PBXFileReference; fileEncoding = 4; lastKnownFileType = sourcecode.c.h; path = BBSSideMenuHeaderView.h; sourceTree = "<group>"; };
		3253891D1A8DCE9800DC5E36 /* BBSSideMenuHeaderView.m */ = {isa = PBXFileReference; fileEncoding = 4; lastKnownFileType = sourcecode.c.objc; path = BBSSideMenuHeaderView.m; sourceTree = "<group>"; };
		3253891F1A8DCEB100DC5E36 /* BBSSideMenuHeaderView.xib */ = {isa = PBXFileReference; fileEncoding = 4; lastKnownFileType = file.xib; path = BBSSideMenuHeaderView.xib; sourceTree = "<group>"; };
		325397531A7F36F20097DBA1 /* BBSTabBarController.h */ = {isa = PBXFileReference; fileEncoding = 4; lastKnownFileType = sourcecode.c.h; path = BBSTabBarController.h; sourceTree = "<group>"; };
		325397541A7F36F20097DBA1 /* BBSTabBarController.m */ = {isa = PBXFileReference; fileEncoding = 4; lastKnownFileType = sourcecode.c.objc; path = BBSTabBarController.m; sourceTree = "<group>"; };
		325397561A7F374B0097DBA1 /* BBSSideMenuViewController.h */ = {isa = PBXFileReference; fileEncoding = 4; lastKnownFileType = sourcecode.c.h; path = BBSSideMenuViewController.h; sourceTree = "<group>"; };
		325397571A7F374B0097DBA1 /* BBSSideMenuViewController.m */ = {isa = PBXFileReference; fileEncoding = 4; lastKnownFileType = sourcecode.c.objc; path = BBSSideMenuViewController.m; sourceTree = "<group>"; };
		325397591A7F399E0097DBA1 /* UIColor+BBSColor.h */ = {isa = PBXFileReference; fileEncoding = 4; lastKnownFileType = sourcecode.c.h; path = "UIColor+BBSColor.h"; sourceTree = "<group>"; };
		3253975A1A7F399E0097DBA1 /* UIColor+BBSColor.m */ = {isa = PBXFileReference; fileEncoding = 4; lastKnownFileType = sourcecode.c.objc; path = "UIColor+BBSColor.m"; sourceTree = "<group>"; };
		3253975D1A7F3D450097DBA1 /* BBSSideMenuCell.h */ = {isa = PBXFileReference; fileEncoding = 4; lastKnownFileType = sourcecode.c.h; path = BBSSideMenuCell.h; sourceTree = "<group>"; };
		3253975E1A7F3D450097DBA1 /* BBSSideMenuCell.m */ = {isa = PBXFileReference; fileEncoding = 4; lastKnownFileType = sourcecode.c.objc; path = BBSSideMenuCell.m; sourceTree = "<group>"; };
		325397661A7F480C0097DBA1 /* BBSOffersCollectionController.h */ = {isa = PBXFileReference; fileEncoding = 4; lastKnownFileType = sourcecode.c.h; path = BBSOffersCollectionController.h; sourceTree = "<group>"; };
		325397671A7F480C0097DBA1 /* BBSOffersCollectionController.m */ = {isa = PBXFileReference; fileEncoding = 4; lastKnownFileType = sourcecode.c.objc; path = BBSOffersCollectionController.m; sourceTree = "<group>"; };
		325397691A7F96A30097DBA1 /* BBSOfferCollectionViewCell.h */ = {isa = PBXFileReference; fileEncoding = 4; lastKnownFileType = sourcecode.c.h; path = BBSOfferCollectionViewCell.h; sourceTree = "<group>"; };
		3253976A1A7F96A30097DBA1 /* BBSOfferCollectionViewCell.m */ = {isa = PBXFileReference; fileEncoding = 4; lastKnownFileType = sourcecode.c.objc; path = BBSOfferCollectionViewCell.m; sourceTree = "<group>"; };
		3253F4CA1A8C68CC00005BDE /* BBSOfferDetailHeaderView.h */ = {isa = PBXFileReference; fileEncoding = 4; lastKnownFileType = sourcecode.c.h; path = BBSOfferDetailHeaderView.h; sourceTree = "<group>"; };
		3253F4CB1A8C68CC00005BDE /* BBSOfferDetailHeaderView.m */ = {isa = PBXFileReference; fileEncoding = 4; lastKnownFileType = sourcecode.c.objc; path = BBSOfferDetailHeaderView.m; sourceTree = "<group>"; };
		3253F4CD1A8C6CF000005BDE /* BBSOfferDetailHeaderView.xib */ = {isa = PBXFileReference; fileEncoding = 4; lastKnownFileType = file.xib; path = BBSOfferDetailHeaderView.xib; sourceTree = "<group>"; };
		3253F4CF1A8C6E1300005BDE /* BBSAbstractButton.h */ = {isa = PBXFileReference; fileEncoding = 4; lastKnownFileType = sourcecode.c.h; name = BBSAbstractButton.h; path = ../Models/BBSAbstractButton.h; sourceTree = "<group>"; };
		3253F4D01A8C6E1300005BDE /* BBSAbstractButton.m */ = {isa = PBXFileReference; fileEncoding = 4; lastKnownFileType = sourcecode.c.objc; name = BBSAbstractButton.m; path = ../Models/BBSAbstractButton.m; sourceTree = "<group>"; };
		3253F4D31A8CC5B300005BDE /* Localizable.strings */ = {isa = PBXFileReference; fileEncoding = 4; lastKnownFileType = text.plist.strings; path = Localizable.strings; sourceTree = "<group>"; };
		3253F4D51A8CD14A00005BDE /* BBSCategorySet.h */ = {isa = PBXFileReference; fileEncoding = 4; lastKnownFileType = sourcecode.c.h; path = BBSCategorySet.h; sourceTree = "<group>"; };
		3253F4D61A8CD14A00005BDE /* BBSCategorySet.m */ = {isa = PBXFileReference; fileEncoding = 4; lastKnownFileType = sourcecode.c.objc; path = BBSCategorySet.m; sourceTree = "<group>"; };
		325668FB1A89C58100A166E3 /* BBSCategoriesManager.h */ = {isa = PBXFileReference; fileEncoding = 4; lastKnownFileType = sourcecode.c.h; name = BBSCategoriesManager.h; path = ../Classes/BBSCategoriesManager.h; sourceTree = "<group>"; };
		325668FC1A89C58100A166E3 /* BBSCategoriesManager.m */ = {isa = PBXFileReference; fileEncoding = 4; lastKnownFileType = sourcecode.c.objc; name = BBSCategoriesManager.m; path = ../Classes/BBSCategoriesManager.m; sourceTree = "<group>"; };
		325668FF1A89C67F00A166E3 /* categories.plist */ = {isa = PBXFileReference; fileEncoding = 4; lastKnownFileType = text.plist.xml; path = categories.plist; sourceTree = "<group>"; };
		325669011A89FDE600A166E3 /* BBSOfferDetailViewController.h */ = {isa = PBXFileReference; fileEncoding = 4; lastKnownFileType = sourcecode.c.h; path = BBSOfferDetailViewController.h; sourceTree = "<group>"; };
		325669021A89FDE600A166E3 /* BBSOfferDetailViewController.m */ = {isa = PBXFileReference; fileEncoding = 4; lastKnownFileType = sourcecode.c.objc; path = BBSOfferDetailViewController.m; sourceTree = "<group>"; };
		325669041A8A211500A166E3 /* BBSOfferDetailTopCell.h */ = {isa = PBXFileReference; fileEncoding = 4; lastKnownFileType = sourcecode.c.h; path = BBSOfferDetailTopCell.h; sourceTree = "<group>"; };
		325669051A8A211500A166E3 /* BBSOfferDetailTopCell.m */ = {isa = PBXFileReference; fileEncoding = 4; lastKnownFileType = sourcecode.c.objc; path = BBSOfferDetailTopCell.m; sourceTree = "<group>"; };
		3257E22B1A886B920094C5F9 /* XLNPreferencesService.h */ = {isa = PBXFileReference; fileEncoding = 4; lastKnownFileType = sourcecode.c.h; path = XLNPreferencesService.h; sourceTree = "<group>"; };
		3257E22C1A886B920094C5F9 /* XLNPreferencesService.m */ = {isa = PBXFileReference; fileEncoding = 4; lastKnownFileType = sourcecode.c.objc; path = XLNPreferencesService.m; sourceTree = "<group>"; };
		3257E22F1A88764B0094C5F9 /* XLNLocalNotifications.h */ = {isa = PBXFileReference; fileEncoding = 4; lastKnownFileType = sourcecode.c.h; path = XLNLocalNotifications.h; sourceTree = "<group>"; };
		3257E2301A88764B0094C5F9 /* XLNLocalNotifications.m */ = {isa = PBXFileReference; fileEncoding = 4; lastKnownFileType = sourcecode.c.objc; path = XLNLocalNotifications.m; sourceTree = "<group>"; };
		3257E2321A887C7B0094C5F9 /* BBSNavigationBar.h */ = {isa = PBXFileReference; fileEncoding = 4; lastKnownFileType = sourcecode.c.h; path = BBSNavigationBar.h; sourceTree = "<group>"; };
		3257E2331A887C7B0094C5F9 /* BBSNavigationBar.m */ = {isa = PBXFileReference; fileEncoding = 4; lastKnownFileType = sourcecode.c.objc; path = BBSNavigationBar.m; sourceTree = "<group>"; };
		3257E2351A889F4D0094C5F9 /* UIImage+Alpha.h */ = {isa = PBXFileReference; fileEncoding = 4; lastKnownFileType = sourcecode.c.h; path = "UIImage+Alpha.h"; sourceTree = "<group>"; };
		3257E2361A889F4D0094C5F9 /* UIImage+Alpha.m */ = {isa = PBXFileReference; fileEncoding = 4; lastKnownFileType = sourcecode.c.objc; path = "UIImage+Alpha.m"; sourceTree = "<group>"; };
		3257E23C1A88CBBA0094C5F9 /* BBSShoppingCartViewController.h */ = {isa = PBXFileReference; fileEncoding = 4; lastKnownFileType = sourcecode.c.h; path = BBSShoppingCartViewController.h; sourceTree = "<group>"; };
		3257E23D1A88CBBA0094C5F9 /* BBSShoppingCartViewController.m */ = {isa = PBXFileReference; fileEncoding = 4; lastKnownFileType = sourcecode.c.objc; path = BBSShoppingCartViewController.m; sourceTree = "<group>"; };
		3257E23F1A88CBC50094C5F9 /* BBSProfileViewController.h */ = {isa = PBXFileReference; fileEncoding = 4; lastKnownFileType = sourcecode.c.h; path = BBSProfileViewController.h; sourceTree = "<group>"; };
		3257E2401A88CBC50094C5F9 /* BBSProfileViewController.m */ = {isa = PBXFileReference; fileEncoding = 4; lastKnownFileType = sourcecode.c.objc; path = BBSProfileViewController.m; sourceTree = "<group>"; };
		3257E2421A88CBD80094C5F9 /* BBSHomeViewController.h */ = {isa = PBXFileReference; fileEncoding = 4; lastKnownFileType = sourcecode.c.h; path = BBSHomeViewController.h; sourceTree = "<group>"; };
		3257E2431A88CBD80094C5F9 /* BBSHomeViewController.m */ = {isa = PBXFileReference; fileEncoding = 4; lastKnownFileType = sourcecode.c.objc; path = BBSHomeViewController.m; sourceTree = "<group>"; };
		3257E2451A88DCFB0094C5F9 /* BBSSearchViewController.h */ = {isa = PBXFileReference; fileEncoding = 4; lastKnownFileType = sourcecode.c.h; path = BBSSearchViewController.h; sourceTree = "<group>"; };
		3257E2461A88DCFB0094C5F9 /* BBSSearchViewController.m */ = {isa = PBXFileReference; fileEncoding = 4; lastKnownFileType = sourcecode.c.objc; path = BBSSearchViewController.m; sourceTree = "<group>"; };
		3258BDFC1A80DE1A00EF7992 /* BBSOfferCollectionCellType2.xib */ = {isa = PBXFileReference; fileEncoding = 4; lastKnownFileType = file.xib; name = BBSOfferCollectionCellType2.xib; path = ../ViewControllers/BBSOfferCollectionCellType2.xib; sourceTree = "<group>"; };
		325AA8E11A920818009C1A72 /* XLNCommonMethods.h */ = {isa = PBXFileReference; fileEncoding = 4; lastKnownFileType = sourcecode.c.h; path = XLNCommonMethods.h; sourceTree = "<group>"; };
		325AA8E21A920818009C1A72 /* XLNCommonMethods.m */ = {isa = PBXFileReference; fileEncoding = 4; lastKnownFileType = sourcecode.c.objc; path = XLNCommonMethods.m; sourceTree = "<group>"; };
		325BC3EA1A79EE2500A11911 /* BarbarysStore.app */ = {isa = PBXFileReference; explicitFileType = wrapper.application; includeInIndex = 0; path = BarbarysStore.app; sourceTree = BUILT_PRODUCTS_DIR; };
		325BC3EE1A79EE2500A11911 /* Info.plist */ = {isa = PBXFileReference; lastKnownFileType = text.plist.xml; path = Info.plist; sourceTree = "<group>"; };
		325BC3EF1A79EE2500A11911 /* main.m */ = {isa = PBXFileReference; lastKnownFileType = sourcecode.c.objc; path = main.m; sourceTree = "<group>"; };
		325BC3F11A79EE2500A11911 /* AppDelegate.h */ = {isa = PBXFileReference; lastKnownFileType = sourcecode.c.h; path = AppDelegate.h; sourceTree = "<group>"; };
		325BC3F21A79EE2500A11911 /* AppDelegate.m */ = {isa = PBXFileReference; lastKnownFileType = sourcecode.c.objc; path = AppDelegate.m; sourceTree = "<group>"; };
		325BC3FB1A79EE2500A11911 /* Base */ = {isa = PBXFileReference; lastKnownFileType = file.storyboard; name = Base; path = Base.lproj/Main.storyboard; sourceTree = "<group>"; };
		325BC3FD1A79EE2500A11911 /* Images.xcassets */ = {isa = PBXFileReference; lastKnownFileType = folder.assetcatalog; path = Images.xcassets; sourceTree = "<group>"; };
		325BC4001A79EE2500A11911 /* Base */ = {isa = PBXFileReference; lastKnownFileType = file.xib; name = Base; path = Base.lproj/LaunchScreen.xib; sourceTree = "<group>"; };
		325BC4061A79EE2600A11911 /* BarbarysStoreTests.xctest */ = {isa = PBXFileReference; explicitFileType = wrapper.cfbundle; includeInIndex = 0; path = BarbarysStoreTests.xctest; sourceTree = BUILT_PRODUCTS_DIR; };
		325BC40B1A79EE2600A11911 /* Info.plist */ = {isa = PBXFileReference; lastKnownFileType = text.plist.xml; path = Info.plist; sourceTree = "<group>"; };
		325BC40C1A79EE2600A11911 /* BarbarysStoreTests.m */ = {isa = PBXFileReference; lastKnownFileType = sourcecode.c.objc; path = BarbarysStoreTests.m; sourceTree = "<group>"; };
		325BC41A1A79EEE300A11911 /* XLNParser.h */ = {isa = PBXFileReference; fileEncoding = 4; lastKnownFileType = sourcecode.c.h; path = XLNParser.h; sourceTree = "<group>"; };
		325BC41B1A79EEE300A11911 /* XLNParser.m */ = {isa = PBXFileReference; fileEncoding = 4; lastKnownFileType = sourcecode.c.objc; path = XLNParser.m; sourceTree = "<group>"; };
		325BC41D1A79F44900A11911 /* XLNConstants.h */ = {isa = PBXFileReference; lastKnownFileType = sourcecode.c.h; path = XLNConstants.h; sourceTree = "<group>"; };
		325BC41E1A79F48C00A11911 /* PrefixHeader.pch */ = {isa = PBXFileReference; lastKnownFileType = sourcecode.c.h; path = PrefixHeader.pch; sourceTree = "<group>"; };
		325BC41F1A79FFF000A11911 /* libsqlite3.dylib */ = {isa = PBXFileReference; lastKnownFileType = "compiled.mach-o.dylib"; name = libsqlite3.dylib; path = usr/lib/libsqlite3.dylib; sourceTree = SDKROOT; };
		325BC4211A7A000900A11911 /* XLNDatabaseManager.h */ = {isa = PBXFileReference; fileEncoding = 4; lastKnownFileType = sourcecode.c.h; path = XLNDatabaseManager.h; sourceTree = "<group>"; };
		325BC4221A7A000900A11911 /* XLNDatabaseManager.m */ = {isa = PBXFileReference; fileEncoding = 4; lastKnownFileType = sourcecode.c.objc; path = XLNDatabaseManager.m; sourceTree = "<group>"; };
		325BC4241A7A002200A11911 /* BBSCategory.h */ = {isa = PBXFileReference; fileEncoding = 4; lastKnownFileType = sourcecode.c.h; path = BBSCategory.h; sourceTree = "<group>"; };
		325BC4251A7A002200A11911 /* BBSCategory.m */ = {isa = PBXFileReference; fileEncoding = 4; lastKnownFileType = sourcecode.c.objc; path = BBSCategory.m; sourceTree = "<group>"; };
		325BC4271A7A003000A11911 /* BBSOffer.h */ = {isa = PBXFileReference; fileEncoding = 4; lastKnownFileType = sourcecode.c.h; path = BBSOffer.h; sourceTree = "<group>"; };
		325BC4281A7A003000A11911 /* BBSOffer.m */ = {isa = PBXFileReference; fileEncoding = 4; lastKnownFileType = sourcecode.c.objc; path = BBSOffer.m; sourceTree = "<group>"; };
		325BC42B1A7A005D00A11911 /* BBSOfferManager.h */ = {isa = PBXFileReference; fileEncoding = 4; lastKnownFileType = sourcecode.c.h; path = BBSOfferManager.h; sourceTree = "<group>"; };
		325BC42C1A7A005D00A11911 /* BBSOfferManager.m */ = {isa = PBXFileReference; fileEncoding = 4; lastKnownFileType = sourcecode.c.objc; path = BBSOfferManager.m; sourceTree = "<group>"; };
		325BC42E1A7A1B6300A11911 /* libsqlite3.0.dylib */ = {isa = PBXFileReference; lastKnownFileType = "compiled.mach-o.dylib"; name = libsqlite3.0.dylib; path = usr/lib/libsqlite3.0.dylib; sourceTree = SDKROOT; };
		6F331C20FC8B361382FFFA04 /* Pods-BarbarysStore.release.xcconfig */ = {isa = PBXFileReference; includeInIndex = 1; lastKnownFileType = text.xcconfig; name = "Pods-BarbarysStore.release.xcconfig"; path = "Pods/Target Support Files/Pods-BarbarysStore/Pods-BarbarysStore.release.xcconfig"; sourceTree = "<group>"; };
		844BE4FD1AA3A67E0033EF12 /* BBSDiscountDetailsViewController.h */ = {isa = PBXFileReference; fileEncoding = 4; lastKnownFileType = sourcecode.c.h; path = BBSDiscountDetailsViewController.h; sourceTree = "<group>"; };
		844BE4FE1AA3A67E0033EF12 /* BBSDiscountDetailsViewController.m */ = {isa = PBXFileReference; fileEncoding = 4; lastKnownFileType = sourcecode.c.objc; path = BBSDiscountDetailsViewController.m; sourceTree = "<group>"; };
		844BE5001AA3AB9B0033EF12 /* BBSProfileEditViewController.h */ = {isa = PBXFileReference; fileEncoding = 4; lastKnownFileType = sourcecode.c.h; path = BBSProfileEditViewController.h; sourceTree = "<group>"; };
		844BE5011AA3AB9B0033EF12 /* BBSProfileEditViewController.m */ = {isa = PBXFileReference; fileEncoding = 4; lastKnownFileType = sourcecode.c.objc; path = BBSProfileEditViewController.m; sourceTree = "<group>"; };
		84578B541A9F0982007BE782 /* BBSDiscountViewController.h */ = {isa = PBXFileReference; fileEncoding = 4; lastKnownFileType = sourcecode.c.h; path = BBSDiscountViewController.h; sourceTree = "<group>"; };
		84578B551A9F0982007BE782 /* BBSDiscountViewController.m */ = {isa = PBXFileReference; fileEncoding = 4; lastKnownFileType = sourcecode.c.objc; path = BBSDiscountViewController.m; sourceTree = "<group>"; };
		A45193B6BA36523A95818600 /* libPods-BarbarysStore.a */ = {isa = PBXFileReference; explicitFileType = archive.ar; includeInIndex = 0; path = "libPods-BarbarysStore.a"; sourceTree = BUILT_PRODUCTS_DIR; };
/* End PBXFileReference section */

/* Begin PBXFrameworksBuildPhase section */
		325BC3E71A79EE2500A11911 /* Frameworks */ = {
			isa = PBXFrameworksBuildPhase;
			buildActionMask = 2147483647;
			files = (
				325BC42F1A7A1B6300A11911 /* libsqlite3.0.dylib in Frameworks */,
				4CF9F9E67C90CF4E39E524F4 /* libPods-BarbarysStore.a in Frameworks */,
			);
			runOnlyForDeploymentPostprocessing = 0;
		};
		325BC4031A79EE2600A11911 /* Frameworks */ = {
			isa = PBXFrameworksBuildPhase;
			buildActionMask = 2147483647;
			files = (
			);
			runOnlyForDeploymentPostprocessing = 0;
		};
/* End PBXFrameworksBuildPhase section */

/* Begin PBXGroup section */
		2E7DD6D565F2862C767B805A /* Frameworks */ = {
			isa = PBXGroup;
			children = (
				325BC42E1A7A1B6300A11911 /* libsqlite3.0.dylib */,
				325BC41F1A79FFF000A11911 /* libsqlite3.dylib */,
				A45193B6BA36523A95818600 /* libPods-BarbarysStore.a */,
			);
			name = Frameworks;
			sourceTree = "<group>";
		};
		3246411B1A970FDD001B1D7E /* ShoppingCart */ = {
			isa = PBXGroup;
			children = (
				324641181A970FBA001B1D7E /* BBSShoppingCartCell.h */,
				324641191A970FBA001B1D7E /* BBSShoppingCartCell.m */,
			);
			name = ShoppingCart;
			sourceTree = "<group>";
		};
		3246411C1A970FF0001B1D7E /* Catalog */ = {
			isa = PBXGroup;
			children = (
				325397691A7F96A30097DBA1 /* BBSOfferCollectionViewCell.h */,
				3253976A1A7F96A30097DBA1 /* BBSOfferCollectionViewCell.m */,
				324641101A96ED7A001B1D7E /* BBSOfferCollectionCellType1.xib */,
				3258BDFC1A80DE1A00EF7992 /* BBSOfferCollectionCellType2.xib */,
			);
			name = Catalog;
			sourceTree = "<group>";
		};
		324790BF1A9350F50052BD16 /* PhotoPaging */ = {
			isa = PBXGroup;
			children = (
				324790BC1A9336480052BD16 /* BBSPhotoPagingViewController.h */,
				324790BD1A9336480052BD16 /* BBSPhotoPagingViewController.m */,
				324790C01A93511C0052BD16 /* BBSPhotoContentViewController.h */,
				324790C11A93511C0052BD16 /* BBSPhotoContentViewController.m */,
			);
			name = PhotoPaging;
			sourceTree = "<group>";
		};
		3253891B1A8DCE7D00DC5E36 /* SideMenu */ = {
			isa = PBXGroup;
			children = (
				3253891C1A8DCE9800DC5E36 /* BBSSideMenuHeaderView.h */,
				3253891D1A8DCE9800DC5E36 /* BBSSideMenuHeaderView.m */,
				3253891F1A8DCEB100DC5E36 /* BBSSideMenuHeaderView.xib */,
				3253975D1A7F3D450097DBA1 /* BBSSideMenuCell.h */,
				3253975E1A7F3D450097DBA1 /* BBSSideMenuCell.m */,
			);
			name = SideMenu;
			sourceTree = "<group>";
		};
		3253975C1A7F3D310097DBA1 /* Views */ = {
			isa = PBXGroup;
			children = (
				3246411C1A970FF0001B1D7E /* Catalog */,
				3246411B1A970FDD001B1D7E /* ShoppingCart */,
				3253891B1A8DCE7D00DC5E36 /* SideMenu */,
				3253F4C91A8C689400005BDE /* OfferDetail */,
			);
			path = Views;
			sourceTree = "<group>";
		};
		3253F4C91A8C689400005BDE /* OfferDetail */ = {
			isa = PBXGroup;
			children = (
				325669041A8A211500A166E3 /* BBSOfferDetailTopCell.h */,
				325669051A8A211500A166E3 /* BBSOfferDetailTopCell.m */,
				324DE0CC1A8B18A20098ECCD /* BBSOfferDetailTopCell.xib */,
				324DE0CE1A8B25580098ECCD /* BBSOfferDetailSizeColorCell.h */,
				324DE0CF1A8B25580098ECCD /* BBSOfferDetailSizeColorCell.m */,
				324DE0D01A8B25580098ECCD /* BBSOfferDetailSizeColorCell.xib */,
				324DE0D31A8B35BE0098ECCD /* BBSOfferDetailSizeItemCell.h */,
				324DE0D41A8B35BE0098ECCD /* BBSOfferDetailSizeItemCell.m */,
				324DE0D51A8B35BE0098ECCD /* BBSOfferDetailSizeItemCell.xib */,
				3253F4CA1A8C68CC00005BDE /* BBSOfferDetailHeaderView.h */,
				3253F4CB1A8C68CC00005BDE /* BBSOfferDetailHeaderView.m */,
				3253F4CD1A8C6CF000005BDE /* BBSOfferDetailHeaderView.xib */,
			);
			name = OfferDetail;
			sourceTree = "<group>";
		};
		3253F4D21A8C6EBB00005BDE /* UI */ = {
			isa = PBXGroup;
			children = (
				3253F4CF1A8C6E1300005BDE /* BBSAbstractButton.h */,
				3253F4D01A8C6E1300005BDE /* BBSAbstractButton.m */,
			);
			name = UI;
			sourceTree = "<group>";
		};
		325668FE1A89C61800A166E3 /* Resources */ = {
			isa = PBXGroup;
			children = (
				3246411E1A979676001B1D7E /* db.sqlite */,
				325668FF1A89C67F00A166E3 /* categories.plist */,
			);
			path = Resources;
			sourceTree = "<group>";
		};
		3257E22A1A886B920094C5F9 /* Services */ = {
			isa = PBXGroup;
			children = (
				3257E22B1A886B920094C5F9 /* XLNPreferencesService.h */,
				3257E22C1A886B920094C5F9 /* XLNPreferencesService.m */,
			);
			path = Services;
			sourceTree = "<group>";
		};
		3257E22E1A8876320094C5F9 /* LocalNotifications */ = {
			isa = PBXGroup;
			children = (
				3257E22F1A88764B0094C5F9 /* XLNLocalNotifications.h */,
				3257E2301A88764B0094C5F9 /* XLNLocalNotifications.m */,
			);
			name = LocalNotifications;
			sourceTree = "<group>";
		};
		325933B31A94A027008824B2 /* SideMenu */ = {
			isa = PBXGroup;
			children = (
				325397561A7F374B0097DBA1 /* BBSSideMenuViewController.h */,
				325397571A7F374B0097DBA1 /* BBSSideMenuViewController.m */,
			);
			name = SideMenu;
			sourceTree = "<group>";
		};
		325BC3E11A79EE2500A11911 = {
			isa = PBXGroup;
			children = (
				325BC3EC1A79EE2500A11911 /* BarbarysStore */,
				325BC4091A79EE2600A11911 /* BarbarysStoreTests */,
				325BC3EB1A79EE2500A11911 /* Products */,
				72F2EBEEFA4BC1613ABAAD7B /* Pods */,
				2E7DD6D565F2862C767B805A /* Frameworks */,
			);
			sourceTree = "<group>";
		};
		325BC3EB1A79EE2500A11911 /* Products */ = {
			isa = PBXGroup;
			children = (
				325BC3EA1A79EE2500A11911 /* BarbarysStore.app */,
				325BC4061A79EE2600A11911 /* BarbarysStoreTests.xctest */,
			);
			name = Products;
			sourceTree = "<group>";
		};
		325BC3EC1A79EE2500A11911 /* BarbarysStore */ = {
			isa = PBXGroup;
			children = (
				325668FE1A89C61800A166E3 /* Resources */,
				325BC42A1A7A004900A11911 /* Managers */,
				325BC4171A79EECA00A11911 /* Classes */,
				325BC4181A79EECA00A11911 /* Models */,
				3253975C1A7F3D310097DBA1 /* Views */,
				325BC4191A79EECA00A11911 /* ViewControllers */,
				325BC3F11A79EE2500A11911 /* AppDelegate.h */,
				325BC3F21A79EE2500A11911 /* AppDelegate.m */,
				325BC3FA1A79EE2500A11911 /* Main.storyboard */,
				325BC3FD1A79EE2500A11911 /* Images.xcassets */,
				325BC3FF1A79EE2500A11911 /* LaunchScreen.xib */,
				325BC3ED1A79EE2500A11911 /* Supporting Files */,
			);
			path = BarbarysStore;
			sourceTree = "<group>";
		};
		325BC3ED1A79EE2500A11911 /* Supporting Files */ = {
			isa = PBXGroup;
			children = (
				325BC3EE1A79EE2500A11911 /* Info.plist */,
				325BC3EF1A79EE2500A11911 /* main.m */,
				325BC41E1A79F48C00A11911 /* PrefixHeader.pch */,
				3253F4D31A8CC5B300005BDE /* Localizable.strings */,
			);
			name = "Supporting Files";
			sourceTree = "<group>";
		};
		325BC4091A79EE2600A11911 /* BarbarysStoreTests */ = {
			isa = PBXGroup;
			children = (
				325BC40C1A79EE2600A11911 /* BarbarysStoreTests.m */,
				325BC40A1A79EE2600A11911 /* Supporting Files */,
			);
			path = BarbarysStoreTests;
			sourceTree = "<group>";
		};
		325BC40A1A79EE2600A11911 /* Supporting Files */ = {
			isa = PBXGroup;
			children = (
				325BC40B1A79EE2600A11911 /* Info.plist */,
			);
			name = "Supporting Files";
			sourceTree = "<group>";
		};
		325BC4171A79EECA00A11911 /* Classes */ = {
			isa = PBXGroup;
			children = (
				3253F4D21A8C6EBB00005BDE /* UI */,
				3257E22E1A8876320094C5F9 /* LocalNotifications */,
				3257E22A1A886B920094C5F9 /* Services */,
				325BC41D1A79F44900A11911 /* XLNConstants.h */,
				325BC41A1A79EEE300A11911 /* XLNParser.h */,
				325BC41B1A79EEE300A11911 /* XLNParser.m */,
				325BC4211A7A000900A11911 /* XLNDatabaseManager.h */,
				325BC4221A7A000900A11911 /* XLNDatabaseManager.m */,
				325397531A7F36F20097DBA1 /* BBSTabBarController.h */,
				325397541A7F36F20097DBA1 /* BBSTabBarController.m */,
				325397591A7F399E0097DBA1 /* UIColor+BBSColor.h */,
				3253975A1A7F399E0097DBA1 /* UIColor+BBSColor.m */,
				3257E2321A887C7B0094C5F9 /* BBSNavigationBar.h */,
				3257E2331A887C7B0094C5F9 /* BBSNavigationBar.m */,
				3257E2351A889F4D0094C5F9 /* UIImage+Alpha.h */,
				3257E2361A889F4D0094C5F9 /* UIImage+Alpha.m */,
				325AA8E11A920818009C1A72 /* XLNCommonMethods.h */,
				325AA8E21A920818009C1A72 /* XLNCommonMethods.m */,
				324516D41A9D8BE6009D1EFC /* UIFont+BBSFont.h */,
				324516D51A9D8BE6009D1EFC /* UIFont+BBSFont.m */,
				324516D71A9DAACD009D1EFC /* BBSAPIRequest.h */,
				324516D81A9DAACD009D1EFC /* BBSAPIRequest.m */,
			);
			path = Classes;
			sourceTree = "<group>";
		};
		325BC4181A79EECA00A11911 /* Models */ = {
			isa = PBXGroup;
			children = (
				325BC4241A7A002200A11911 /* BBSCategory.h */,
				325BC4251A7A002200A11911 /* BBSCategory.m */,
				325BC4271A7A003000A11911 /* BBSOffer.h */,
				325BC4281A7A003000A11911 /* BBSOffer.m */,
				324641151A96FC49001B1D7E /* BBSCartOffer.h */,
				324641161A96FC49001B1D7E /* BBSCartOffer.m */,
				3253F4D51A8CD14A00005BDE /* BBSCategorySet.h */,
				3253F4D61A8CD14A00005BDE /* BBSCategorySet.m */,
			);
			path = Models;
			sourceTree = "<group>";
		};
		325BC4191A79EECA00A11911 /* ViewControllers */ = {
			isa = PBXGroup;
			children = (
				325933B31A94A027008824B2 /* SideMenu */,
				324790BF1A9350F50052BD16 /* PhotoPaging */,
				84578B541A9F0982007BE782 /* BBSDiscountViewController.h */,
				84578B551A9F0982007BE782 /* BBSDiscountViewController.m */,
				325397661A7F480C0097DBA1 /* BBSOffersCollectionController.h */,
				325397671A7F480C0097DBA1 /* BBSOffersCollectionController.m */,
				3257E23C1A88CBBA0094C5F9 /* BBSShoppingCartViewController.h */,
				3257E23D1A88CBBA0094C5F9 /* BBSShoppingCartViewController.m */,
				3257E23F1A88CBC50094C5F9 /* BBSProfileViewController.h */,
				3257E2401A88CBC50094C5F9 /* BBSProfileViewController.m */,
				3257E2421A88CBD80094C5F9 /* BBSHomeViewController.h */,
				3257E2431A88CBD80094C5F9 /* BBSHomeViewController.m */,
				3257E2451A88DCFB0094C5F9 /* BBSSearchViewController.h */,
				3257E2461A88DCFB0094C5F9 /* BBSSearchViewController.m */,
				325669011A89FDE600A166E3 /* BBSOfferDetailViewController.h */,
				325669021A89FDE600A166E3 /* BBSOfferDetailViewController.m */,
				324641121A96EDBF001B1D7E /* BBSFavoritesViewController.h */,
				324641131A96EDBF001B1D7E /* BBSFavoritesViewController.m */,
				844BE4FD1AA3A67E0033EF12 /* BBSDiscountDetailsViewController.h */,
				844BE4FE1AA3A67E0033EF12 /* BBSDiscountDetailsViewController.m */,
				844BE5001AA3AB9B0033EF12 /* BBSProfileEditViewController.h */,
				844BE5011AA3AB9B0033EF12 /* BBSProfileEditViewController.m */,
			);
			path = ViewControllers;
			sourceTree = "<group>";
		};
		325BC42A1A7A004900A11911 /* Managers */ = {
			isa = PBXGroup;
			children = (
				325668FB1A89C58100A166E3 /* BBSCategoriesManager.h */,
				325668FC1A89C58100A166E3 /* BBSCategoriesManager.m */,
				325BC42B1A7A005D00A11911 /* BBSOfferManager.h */,
				325BC42C1A7A005D00A11911 /* BBSOfferManager.m */,
			);
			name = Managers;
			path = Helpers;
			sourceTree = "<group>";
		};
		72F2EBEEFA4BC1613ABAAD7B /* Pods */ = {
			isa = PBXGroup;
			children = (
				2DD3F6D3FA7045A957AFC3DD /* Pods-BarbarysStore.debug.xcconfig */,
				6F331C20FC8B361382FFFA04 /* Pods-BarbarysStore.release.xcconfig */,
			);
			name = Pods;
			sourceTree = "<group>";
		};
/* End PBXGroup section */

/* Begin PBXNativeTarget section */
		325BC3E91A79EE2500A11911 /* BarbarysStore */ = {
			isa = PBXNativeTarget;
			buildConfigurationList = 325BC4101A79EE2600A11911 /* Build configuration list for PBXNativeTarget "BarbarysStore" */;
			buildPhases = (
				294560793835C16FBBCBF097 /* Check Pods Manifest.lock */,
				325BC3E61A79EE2500A11911 /* Sources */,
				325BC3E71A79EE2500A11911 /* Frameworks */,
				325BC3E81A79EE2500A11911 /* Resources */,
				A4E92659E1E4F55E2347B908 /* Copy Pods Resources */,
			);
			buildRules = (
			);
			dependencies = (
			);
			name = BarbarysStore;
			productName = BarbarysStore;
			productReference = 325BC3EA1A79EE2500A11911 /* BarbarysStore.app */;
			productType = "com.apple.product-type.application";
		};
		325BC4051A79EE2600A11911 /* BarbarysStoreTests */ = {
			isa = PBXNativeTarget;
			buildConfigurationList = 325BC4131A79EE2600A11911 /* Build configuration list for PBXNativeTarget "BarbarysStoreTests" */;
			buildPhases = (
				325BC4021A79EE2600A11911 /* Sources */,
				325BC4031A79EE2600A11911 /* Frameworks */,
				325BC4041A79EE2600A11911 /* Resources */,
			);
			buildRules = (
			);
			dependencies = (
				325BC4081A79EE2600A11911 /* PBXTargetDependency */,
			);
			name = BarbarysStoreTests;
			productName = BarbarysStoreTests;
			productReference = 325BC4061A79EE2600A11911 /* BarbarysStoreTests.xctest */;
			productType = "com.apple.product-type.bundle.unit-test";
		};
/* End PBXNativeTarget section */

/* Begin PBXProject section */
		325BC3E21A79EE2500A11911 /* Project object */ = {
			isa = PBXProject;
			attributes = {
				LastUpgradeCheck = 0610;
				ORGANIZATIONNAME = Xelentec;
				TargetAttributes = {
					325BC3E91A79EE2500A11911 = {
						CreatedOnToolsVersion = 6.1.1;
					};
					325BC4051A79EE2600A11911 = {
						CreatedOnToolsVersion = 6.1.1;
						TestTargetID = 325BC3E91A79EE2500A11911;
					};
				};
			};
			buildConfigurationList = 325BC3E51A79EE2500A11911 /* Build configuration list for PBXProject "BarbarysStore" */;
			compatibilityVersion = "Xcode 3.2";
			developmentRegion = English;
			hasScannedForEncodings = 0;
			knownRegions = (
				en,
				Base,
			);
			mainGroup = 325BC3E11A79EE2500A11911;
			productRefGroup = 325BC3EB1A79EE2500A11911 /* Products */;
			projectDirPath = "";
			projectRoot = "";
			targets = (
				325BC3E91A79EE2500A11911 /* BarbarysStore */,
				325BC4051A79EE2600A11911 /* BarbarysStoreTests */,
			);
		};
/* End PBXProject section */

/* Begin PBXResourcesBuildPhase section */
		325BC3E81A79EE2500A11911 /* Resources */ = {
			isa = PBXResourcesBuildPhase;
			buildActionMask = 2147483647;
			files = (
				324641111A96ED7A001B1D7E /* BBSOfferCollectionCellType1.xib in Resources */,
				325BC3FC1A79EE2500A11911 /* Main.storyboard in Resources */,
				3253F4D41A8CC5B300005BDE /* Localizable.strings in Resources */,
				3253F4CE1A8C6CF000005BDE /* BBSOfferDetailHeaderView.xib in Resources */,
				325389201A8DCEB100DC5E36 /* BBSSideMenuHeaderView.xib in Resources */,
				3246411F1A979676001B1D7E /* db.sqlite in Resources */,
				325BC4011A79EE2500A11911 /* LaunchScreen.xib in Resources */,
				324DE0D21A8B25580098ECCD /* BBSOfferDetailSizeColorCell.xib in Resources */,
				3258BDFD1A80DE1A00EF7992 /* BBSOfferCollectionCellType2.xib in Resources */,
				324DE0CD1A8B18A20098ECCD /* BBSOfferDetailTopCell.xib in Resources */,
				324DE0D71A8B35BE0098ECCD /* BBSOfferDetailSizeItemCell.xib in Resources */,
				325669001A89C67F00A166E3 /* categories.plist in Resources */,
				325BC3FE1A79EE2500A11911 /* Images.xcassets in Resources */,
			);
			runOnlyForDeploymentPostprocessing = 0;
		};
		325BC4041A79EE2600A11911 /* Resources */ = {
			isa = PBXResourcesBuildPhase;
			buildActionMask = 2147483647;
			files = (
			);
			runOnlyForDeploymentPostprocessing = 0;
		};
/* End PBXResourcesBuildPhase section */

/* Begin PBXShellScriptBuildPhase section */
		294560793835C16FBBCBF097 /* Check Pods Manifest.lock */ = {
			isa = PBXShellScriptBuildPhase;
			buildActionMask = 2147483647;
			files = (
			);
			inputPaths = (
			);
			name = "Check Pods Manifest.lock";
			outputPaths = (
			);
			runOnlyForDeploymentPostprocessing = 0;
			shellPath = /bin/sh;
			shellScript = "diff \"${PODS_ROOT}/../Podfile.lock\" \"${PODS_ROOT}/Manifest.lock\" > /dev/null\nif [[ $? != 0 ]] ; then\n    cat << EOM\nerror: The sandbox is not in sync with the Podfile.lock. Run 'pod install' or update your CocoaPods installation.\nEOM\n    exit 1\nfi\n";
			showEnvVarsInLog = 0;
		};
		A4E92659E1E4F55E2347B908 /* Copy Pods Resources */ = {
			isa = PBXShellScriptBuildPhase;
			buildActionMask = 2147483647;
			files = (
			);
			inputPaths = (
			);
			name = "Copy Pods Resources";
			outputPaths = (
			);
			runOnlyForDeploymentPostprocessing = 0;
			shellPath = /bin/sh;
			shellScript = "\"${SRCROOT}/Pods/Target Support Files/Pods-BarbarysStore/Pods-BarbarysStore-resources.sh\"\n";
			showEnvVarsInLog = 0;
		};
/* End PBXShellScriptBuildPhase section */

/* Begin PBXSourcesBuildPhase section */
		325BC3E61A79EE2500A11911 /* Sources */ = {
			isa = PBXSourcesBuildPhase;
			buildActionMask = 2147483647;
			files = (
				844BE4FF1AA3A67E0033EF12 /* BBSDiscountDetailsViewController.m in Sources */,
				324641141A96EDBF001B1D7E /* BBSFavoritesViewController.m in Sources */,
				325397551A7F36F20097DBA1 /* BBSTabBarController.m in Sources */,
				3253F4D11A8C6E1300005BDE /* BBSAbstractButton.m in Sources */,
				3253F4D71A8CD14A00005BDE /* BBSCategorySet.m in Sources */,
				3257E22D1A886B920094C5F9 /* XLNPreferencesService.m in Sources */,
				3257E2471A88DCFB0094C5F9 /* BBSSearchViewController.m in Sources */,
				3253976B1A7F96A30097DBA1 /* BBSOfferCollectionViewCell.m in Sources */,
				3253975F1A7F3D450097DBA1 /* BBSSideMenuCell.m in Sources */,
				3257E2371A889F4D0094C5F9 /* UIImage+Alpha.m in Sources */,
				84578B561A9F0982007BE782 /* BBSDiscountViewController.m in Sources */,
				325BC41C1A79EEE300A11911 /* XLNParser.m in Sources */,
				324516D91A9DAACD009D1EFC /* BBSAPIRequest.m in Sources */,
				324790C21A93511C0052BD16 /* BBSPhotoContentViewController.m in Sources */,
				325397581A7F374B0097DBA1 /* BBSSideMenuViewController.m in Sources */,
				844BE5021AA3AB9B0033EF12 /* BBSProfileEditViewController.m in Sources */,
				325BC4261A7A002200A11911 /* BBSCategory.m in Sources */,
				3246411A1A970FBA001B1D7E /* BBSShoppingCartCell.m in Sources */,
				3253F4CC1A8C68CC00005BDE /* BBSOfferDetailHeaderView.m in Sources */,
				324DE0D61A8B35BE0098ECCD /* BBSOfferDetailSizeItemCell.m in Sources */,
				3257E23E1A88CBBA0094C5F9 /* BBSShoppingCartViewController.m in Sources */,
				325BC4231A7A000900A11911 /* XLNDatabaseManager.m in Sources */,
				324790BE1A9336480052BD16 /* BBSPhotoPagingViewController.m in Sources */,
				325BC3F31A79EE2500A11911 /* AppDelegate.m in Sources */,
				3257E2411A88CBC50094C5F9 /* BBSProfileViewController.m in Sources */,
				3257E2341A887C7B0094C5F9 /* BBSNavigationBar.m in Sources */,
				325BC3F01A79EE2500A11911 /* main.m in Sources */,
				3253975B1A7F399E0097DBA1 /* UIColor+BBSColor.m in Sources */,
				325669061A8A211500A166E3 /* BBSOfferDetailTopCell.m in Sources */,
				324516D61A9D8BE6009D1EFC /* UIFont+BBSFont.m in Sources */,
				324DE0D11A8B25580098ECCD /* BBSOfferDetailSizeColorCell.m in Sources */,
				3257E2441A88CBD80094C5F9 /* BBSHomeViewController.m in Sources */,
				325668FD1A89C58100A166E3 /* BBSCategoriesManager.m in Sources */,
				324641171A96FC49001B1D7E /* BBSCartOffer.m in Sources */,
				3257E2311A88764B0094C5F9 /* XLNLocalNotifications.m in Sources */,
				325669031A89FDE600A166E3 /* BBSOfferDetailViewController.m in Sources */,
				3253891E1A8DCE9800DC5E36 /* BBSSideMenuHeaderView.m in Sources */,
				325AA8E31A920818009C1A72 /* XLNCommonMethods.m in Sources */,
				325397681A7F480C0097DBA1 /* BBSOffersCollectionController.m in Sources */,
				325BC42D1A7A005D00A11911 /* BBSOfferManager.m in Sources */,
				325BC4291A7A003000A11911 /* BBSOffer.m in Sources */,
			);
			runOnlyForDeploymentPostprocessing = 0;
		};
		325BC4021A79EE2600A11911 /* Sources */ = {
			isa = PBXSourcesBuildPhase;
			buildActionMask = 2147483647;
			files = (
				325BC40D1A79EE2600A11911 /* BarbarysStoreTests.m in Sources */,
			);
			runOnlyForDeploymentPostprocessing = 0;
		};
/* End PBXSourcesBuildPhase section */

/* Begin PBXTargetDependency section */
		325BC4081A79EE2600A11911 /* PBXTargetDependency */ = {
			isa = PBXTargetDependency;
			target = 325BC3E91A79EE2500A11911 /* BarbarysStore */;
			targetProxy = 325BC4071A79EE2600A11911 /* PBXContainerItemProxy */;
		};
/* End PBXTargetDependency section */

/* Begin PBXVariantGroup section */
		325BC3FA1A79EE2500A11911 /* Main.storyboard */ = {
			isa = PBXVariantGroup;
			children = (
				325BC3FB1A79EE2500A11911 /* Base */,
			);
			name = Main.storyboard;
			sourceTree = "<group>";
		};
		325BC3FF1A79EE2500A11911 /* LaunchScreen.xib */ = {
			isa = PBXVariantGroup;
			children = (
				325BC4001A79EE2500A11911 /* Base */,
			);
			name = LaunchScreen.xib;
			sourceTree = "<group>";
		};
/* End PBXVariantGroup section */

/* Begin XCBuildConfiguration section */
		325BC40E1A79EE2600A11911 /* Debug */ = {
			isa = XCBuildConfiguration;
			buildSettings = {
				ALWAYS_SEARCH_USER_PATHS = NO;
				CLANG_CXX_LANGUAGE_STANDARD = "gnu++0x";
				CLANG_CXX_LIBRARY = "libc++";
				CLANG_ENABLE_MODULES = YES;
				CLANG_ENABLE_OBJC_ARC = YES;
				CLANG_WARN_BOOL_CONVERSION = YES;
				CLANG_WARN_CONSTANT_CONVERSION = YES;
				CLANG_WARN_DIRECT_OBJC_ISA_USAGE = YES_ERROR;
				CLANG_WARN_EMPTY_BODY = YES;
				CLANG_WARN_ENUM_CONVERSION = YES;
				CLANG_WARN_INT_CONVERSION = YES;
				CLANG_WARN_OBJC_ROOT_CLASS = YES_ERROR;
				CLANG_WARN_UNREACHABLE_CODE = YES;
				CLANG_WARN__DUPLICATE_METHOD_MATCH = YES;
				"CODE_SIGN_IDENTITY[sdk=iphoneos*]" = "iPhone Developer";
				COPY_PHASE_STRIP = NO;
				ENABLE_STRICT_OBJC_MSGSEND = YES;
				GCC_C_LANGUAGE_STANDARD = gnu99;
				GCC_DYNAMIC_NO_PIC = NO;
				GCC_OPTIMIZATION_LEVEL = 0;
				GCC_PREPROCESSOR_DEFINITIONS = (
					"DEBUG=1",
					"$(inherited)",
				);
				GCC_SYMBOLS_PRIVATE_EXTERN = NO;
				GCC_WARN_64_TO_32_BIT_CONVERSION = YES;
				GCC_WARN_ABOUT_RETURN_TYPE = YES_ERROR;
				GCC_WARN_UNDECLARED_SELECTOR = YES;
				GCC_WARN_UNINITIALIZED_AUTOS = YES_AGGRESSIVE;
				GCC_WARN_UNUSED_FUNCTION = YES;
				GCC_WARN_UNUSED_VARIABLE = YES;
				IPHONEOS_DEPLOYMENT_TARGET = 8.1;
				MTL_ENABLE_DEBUG_INFO = YES;
				ONLY_ACTIVE_ARCH = YES;
				SDKROOT = iphoneos;
			};
			name = Debug;
		};
		325BC40F1A79EE2600A11911 /* Release */ = {
			isa = XCBuildConfiguration;
			buildSettings = {
				ALWAYS_SEARCH_USER_PATHS = NO;
				CLANG_CXX_LANGUAGE_STANDARD = "gnu++0x";
				CLANG_CXX_LIBRARY = "libc++";
				CLANG_ENABLE_MODULES = YES;
				CLANG_ENABLE_OBJC_ARC = YES;
				CLANG_WARN_BOOL_CONVERSION = YES;
				CLANG_WARN_CONSTANT_CONVERSION = YES;
				CLANG_WARN_DIRECT_OBJC_ISA_USAGE = YES_ERROR;
				CLANG_WARN_EMPTY_BODY = YES;
				CLANG_WARN_ENUM_CONVERSION = YES;
				CLANG_WARN_INT_CONVERSION = YES;
				CLANG_WARN_OBJC_ROOT_CLASS = YES_ERROR;
				CLANG_WARN_UNREACHABLE_CODE = YES;
				CLANG_WARN__DUPLICATE_METHOD_MATCH = YES;
				"CODE_SIGN_IDENTITY[sdk=iphoneos*]" = "iPhone Developer";
				COPY_PHASE_STRIP = YES;
				ENABLE_NS_ASSERTIONS = NO;
				ENABLE_STRICT_OBJC_MSGSEND = YES;
				GCC_C_LANGUAGE_STANDARD = gnu99;
				GCC_WARN_64_TO_32_BIT_CONVERSION = YES;
				GCC_WARN_ABOUT_RETURN_TYPE = YES_ERROR;
				GCC_WARN_UNDECLARED_SELECTOR = YES;
				GCC_WARN_UNINITIALIZED_AUTOS = YES_AGGRESSIVE;
				GCC_WARN_UNUSED_FUNCTION = YES;
				GCC_WARN_UNUSED_VARIABLE = YES;
				IPHONEOS_DEPLOYMENT_TARGET = 8.1;
				MTL_ENABLE_DEBUG_INFO = NO;
				SDKROOT = iphoneos;
				VALIDATE_PRODUCT = YES;
			};
			name = Release;
		};
		325BC4111A79EE2600A11911 /* Debug */ = {
			isa = XCBuildConfiguration;
			baseConfigurationReference = 2DD3F6D3FA7045A957AFC3DD /* Pods-BarbarysStore.debug.xcconfig */;
			buildSettings = {
				ASSETCATALOG_COMPILER_APPICON_NAME = AppIcon;
				ASSETCATALOG_COMPILER_LAUNCHIMAGE_NAME = LaunchImage;
				CODE_SIGN_IDENTITY = "iPhone Developer: Pavlo Karatai (Z7249QY6P5)";
				FRAMEWORK_SEARCH_PATHS = (
					"$(inherited)",
					"$(PROJECT_DIR)/BarbarysStore/Resources",
				);
				GCC_PRECOMPILE_PREFIX_HEADER = YES;
				GCC_PREFIX_HEADER = BarbarysStore/PrefixHeader.pch;
				INFOPLIST_FILE = BarbarysStore/Info.plist;
				IPHONEOS_DEPLOYMENT_TARGET = 7.0;
				LD_RUNPATH_SEARCH_PATHS = "$(inherited) @executable_path/Frameworks";
				PRODUCT_NAME = "$(TARGET_NAME)";
				PROVISIONING_PROFILE = "d31737c0-0859-4917-b2e2-1d8b15f95118";
				TARGETED_DEVICE_FAMILY = 1;
			};
			name = Debug;
		};
		325BC4121A79EE2600A11911 /* Release */ = {
			isa = XCBuildConfiguration;
			baseConfigurationReference = 6F331C20FC8B361382FFFA04 /* Pods-BarbarysStore.release.xcconfig */;
			buildSettings = {
				ASSETCATALOG_COMPILER_APPICON_NAME = AppIcon;
				ASSETCATALOG_COMPILER_LAUNCHIMAGE_NAME = LaunchImage;
				CODE_SIGN_IDENTITY = "iPhone Distribution: Pavlo Karatai (899H8VNB34)";
				FRAMEWORK_SEARCH_PATHS = (
					"$(inherited)",
					"$(PROJECT_DIR)/BarbarysStore/Resources",
				);
				GCC_PRECOMPILE_PREFIX_HEADER = YES;
				GCC_PREFIX_HEADER = BarbarysStore/PrefixHeader.pch;
				INFOPLIST_FILE = BarbarysStore/Info.plist;
				IPHONEOS_DEPLOYMENT_TARGET = 7.0;
				LD_RUNPATH_SEARCH_PATHS = "$(inherited) @executable_path/Frameworks";
				PRODUCT_NAME = "$(TARGET_NAME)";
				PROVISIONING_PROFILE = "d31737c0-0859-4917-b2e2-1d8b15f95118";
				TARGETED_DEVICE_FAMILY = 1;
			};
			name = Release;
		};
		325BC4141A79EE2600A11911 /* Debug */ = {
			isa = XCBuildConfiguration;
			buildSettings = {
				BUNDLE_LOADER = "$(TEST_HOST)";
				FRAMEWORK_SEARCH_PATHS = (
					"$(SDKROOT)/Developer/Library/Frameworks",
					"$(inherited)",
				);
				GCC_PREPROCESSOR_DEFINITIONS = (
					"DEBUG=1",
					"$(inherited)",
				);
				INFOPLIST_FILE = BarbarysStoreTests/Info.plist;
				LD_RUNPATH_SEARCH_PATHS = "$(inherited) @executable_path/Frameworks @loader_path/Frameworks";
				PRODUCT_NAME = "$(TARGET_NAME)";
				TEST_HOST = "$(BUILT_PRODUCTS_DIR)/BarbarysStore.app/BarbarysStore";
			};
			name = Debug;
		};
		325BC4151A79EE2600A11911 /* Release */ = {
			isa = XCBuildConfiguration;
			buildSettings = {
				BUNDLE_LOADER = "$(TEST_HOST)";
				FRAMEWORK_SEARCH_PATHS = (
					"$(SDKROOT)/Developer/Library/Frameworks",
					"$(inherited)",
				);
				INFOPLIST_FILE = BarbarysStoreTests/Info.plist;
				LD_RUNPATH_SEARCH_PATHS = "$(inherited) @executable_path/Frameworks @loader_path/Frameworks";
				PRODUCT_NAME = "$(TARGET_NAME)";
				TEST_HOST = "$(BUILT_PRODUCTS_DIR)/BarbarysStore.app/BarbarysStore";
			};
			name = Release;
		};
/* End XCBuildConfiguration section */

/* Begin XCConfigurationList section */
		325BC3E51A79EE2500A11911 /* Build configuration list for PBXProject "BarbarysStore" */ = {
			isa = XCConfigurationList;
			buildConfigurations = (
				325BC40E1A79EE2600A11911 /* Debug */,
				325BC40F1A79EE2600A11911 /* Release */,
			);
			defaultConfigurationIsVisible = 0;
			defaultConfigurationName = Release;
		};
		325BC4101A79EE2600A11911 /* Build configuration list for PBXNativeTarget "BarbarysStore" */ = {
			isa = XCConfigurationList;
			buildConfigurations = (
				325BC4111A79EE2600A11911 /* Debug */,
				325BC4121A79EE2600A11911 /* Release */,
			);
			defaultConfigurationIsVisible = 0;
			defaultConfigurationName = Release;
		};
		325BC4131A79EE2600A11911 /* Build configuration list for PBXNativeTarget "BarbarysStoreTests" */ = {
			isa = XCConfigurationList;
			buildConfigurations = (
				325BC4141A79EE2600A11911 /* Debug */,
				325BC4151A79EE2600A11911 /* Release */,
			);
			defaultConfigurationIsVisible = 0;
			defaultConfigurationName = Release;
		};
/* End XCConfigurationList section */
	};
	rootObject = 325BC3E21A79EE2500A11911 /* Project object */;
}
